// !$*UTF8*$!
{
	archiveVersion = 1;
	classes = {
	};
	objectVersion = 56;
	objects = {

/* Begin PBXBuildFile section */
		93B0C5212BE8E4C100523587 /* FirebaseAuth in Frameworks */ = {isa = PBXBuildFile; productRef = 93B0C5202BE8E4C100523587 /* FirebaseAuth */; };
		93B0C5242BE8E63700523587 /* AuthView.swift in Sources */ = {isa = PBXBuildFile; fileRef = 93B0C5232BE8E63700523587 /* AuthView.swift */; };
		93B0C5262BE8E6E500523587 /* SignInEmailView.swift in Sources */ = {isa = PBXBuildFile; fileRef = 93B0C5252BE8E6E500523587 /* SignInEmailView.swift */; };
		93B0C5282BE8ED1100523587 /* AuthManager.swift in Sources */ = {isa = PBXBuildFile; fileRef = 93B0C5272BE8ED1000523587 /* AuthManager.swift */; };
		93B0C52A2BE8F4D700523587 /* RootView.swift in Sources */ = {isa = PBXBuildFile; fileRef = 93B0C5292BE8F4D700523587 /* RootView.swift */; };
		93B0C52C2BE8F70600523587 /* SettingsView.swift in Sources */ = {isa = PBXBuildFile; fileRef = 93B0C52B2BE8F70600523587 /* SettingsView.swift */; };
		93B0C52F2BE9198B00523587 /* GoogleSignIn in Frameworks */ = {isa = PBXBuildFile; productRef = 93B0C52E2BE9198B00523587 /* GoogleSignIn */; };
		93B0C5312BE9198B00523587 /* GoogleSignInSwift in Frameworks */ = {isa = PBXBuildFile; productRef = 93B0C5302BE9198B00523587 /* GoogleSignInSwift */; };
		93B0C5332BE91AE400523587 /* GoogleService-Info.plist in Resources */ = {isa = PBXBuildFile; fileRef = 93B0C5322BE91AE400523587 /* GoogleService-Info.plist */; };
		93B0C5372BE91EA700523587 /* Utilities.swift in Sources */ = {isa = PBXBuildFile; fileRef = 93B0C5362BE91EA700523587 /* Utilities.swift */; };
		93FA53272BE8DB7A00E07072 /* FirebaseLearningApp.swift in Sources */ = {isa = PBXBuildFile; fileRef = 93FA53262BE8DB7A00E07072 /* FirebaseLearningApp.swift */; };
		93FA53292BE8DB7A00E07072 /* ContentView.swift in Sources */ = {isa = PBXBuildFile; fileRef = 93FA53282BE8DB7A00E07072 /* ContentView.swift */; };
		93FA532B2BE8DB7C00E07072 /* Assets.xcassets in Resources */ = {isa = PBXBuildFile; fileRef = 93FA532A2BE8DB7C00E07072 /* Assets.xcassets */; };
		93FA532E2BE8DB7C00E07072 /* Preview Assets.xcassets in Resources */ = {isa = PBXBuildFile; fileRef = 93FA532D2BE8DB7C00E07072 /* Preview Assets.xcassets */; };
		93FA53382BE8DEEB00E07072 /* FirebaseAnalytics in Frameworks */ = {isa = PBXBuildFile; productRef = 93FA53372BE8DEEB00E07072 /* FirebaseAnalytics */; };
		93FA533A2BE8DEEB00E07072 /* FirebaseAnalyticsSwift in Frameworks */ = {isa = PBXBuildFile; productRef = 93FA53392BE8DEEB00E07072 /* FirebaseAnalyticsSwift */; };
/* End PBXBuildFile section */

/* Begin PBXFileReference section */
		93B0C5232BE8E63700523587 /* AuthView.swift */ = {isa = PBXFileReference; lastKnownFileType = sourcecode.swift; path = AuthView.swift; sourceTree = "<group>"; };
		93B0C5252BE8E6E500523587 /* SignInEmailView.swift */ = {isa = PBXFileReference; lastKnownFileType = sourcecode.swift; path = SignInEmailView.swift; sourceTree = "<group>"; };
		93B0C5272BE8ED1000523587 /* AuthManager.swift */ = {isa = PBXFileReference; lastKnownFileType = sourcecode.swift; path = AuthManager.swift; sourceTree = "<group>"; };
		93B0C5292BE8F4D700523587 /* RootView.swift */ = {isa = PBXFileReference; lastKnownFileType = sourcecode.swift; path = RootView.swift; sourceTree = "<group>"; };
		93B0C52B2BE8F70600523587 /* SettingsView.swift */ = {isa = PBXFileReference; lastKnownFileType = sourcecode.swift; path = SettingsView.swift; sourceTree = "<group>"; };
		93B0C5322BE91AE400523587 /* GoogleService-Info.plist */ = {isa = PBXFileReference; fileEncoding = 4; lastKnownFileType = text.plist.xml; path = "GoogleService-Info.plist"; sourceTree = "<group>"; };
		93B0C5342BE91B1600523587 /* Info.plist */ = {isa = PBXFileReference; lastKnownFileType = text.plist; path = Info.plist; sourceTree = "<group>"; };
		93B0C5362BE91EA700523587 /* Utilities.swift */ = {isa = PBXFileReference; lastKnownFileType = sourcecode.swift; path = Utilities.swift; sourceTree = "<group>"; };
		93FA53232BE8DB7A00E07072 /* FirebaseLearning.app */ = {isa = PBXFileReference; explicitFileType = wrapper.application; includeInIndex = 0; path = FirebaseLearning.app; sourceTree = BUILT_PRODUCTS_DIR; };
		93FA53262BE8DB7A00E07072 /* FirebaseLearningApp.swift */ = {isa = PBXFileReference; lastKnownFileType = sourcecode.swift; path = FirebaseLearningApp.swift; sourceTree = "<group>"; };
		93FA53282BE8DB7A00E07072 /* ContentView.swift */ = {isa = PBXFileReference; lastKnownFileType = sourcecode.swift; path = ContentView.swift; sourceTree = "<group>"; };
		93FA532A2BE8DB7C00E07072 /* Assets.xcassets */ = {isa = PBXFileReference; lastKnownFileType = folder.assetcatalog; path = Assets.xcassets; sourceTree = "<group>"; };
		93FA532D2BE8DB7C00E07072 /* Preview Assets.xcassets */ = {isa = PBXFileReference; lastKnownFileType = folder.assetcatalog; path = "Preview Assets.xcassets"; sourceTree = "<group>"; };
/* End PBXFileReference section */

/* Begin PBXFrameworksBuildPhase section */
		93FA53202BE8DB7A00E07072 /* Frameworks */ = {
			isa = PBXFrameworksBuildPhase;
			buildActionMask = 2147483647;
			files = (
				93B0C5312BE9198B00523587 /* GoogleSignInSwift in Frameworks */,
				93FA533A2BE8DEEB00E07072 /* FirebaseAnalyticsSwift in Frameworks */,
				93B0C52F2BE9198B00523587 /* GoogleSignIn in Frameworks */,
				93B0C5212BE8E4C100523587 /* FirebaseAuth in Frameworks */,
				93FA53382BE8DEEB00E07072 /* FirebaseAnalytics in Frameworks */,
			);
			runOnlyForDeploymentPostprocessing = 0;
		};
/* End PBXFrameworksBuildPhase section */

/* Begin PBXGroup section */
		93B0C51F2BE8E4C100523587 /* Frameworks */ = {
			isa = PBXGroup;
			children = (
			);
			name = Frameworks;
			sourceTree = "<group>";
		};
		93B0C5222BE8E62400523587 /* Authentication */ = {
			isa = PBXGroup;
			children = (
				93B0C5292BE8F4D700523587 /* RootView.swift */,
				93B0C52B2BE8F70600523587 /* SettingsView.swift */,
				93B0C5232BE8E63700523587 /* AuthView.swift */,
				93B0C5252BE8E6E500523587 /* SignInEmailView.swift */,
				93B0C5272BE8ED1000523587 /* AuthManager.swift */,
			);
			path = Authentication;
			sourceTree = "<group>";
		};
		93B0C5352BE91E8B00523587 /* Utilities */ = {
			isa = PBXGroup;
			children = (
				93B0C5362BE91EA700523587 /* Utilities.swift */,
			);
			path = Utilities;
			sourceTree = "<group>";
		};
		93FA531A2BE8DB7A00E07072 = {
			isa = PBXGroup;
			children = (
				93FA53252BE8DB7A00E07072 /* FirebaseLearning */,
				93FA53242BE8DB7A00E07072 /* Products */,
				93B0C51F2BE8E4C100523587 /* Frameworks */,
			);
			sourceTree = "<group>";
		};
		93FA53242BE8DB7A00E07072 /* Products */ = {
			isa = PBXGroup;
			children = (
				93FA53232BE8DB7A00E07072 /* FirebaseLearning.app */,
			);
			name = Products;
			sourceTree = "<group>";
		};
		93FA53252BE8DB7A00E07072 /* FirebaseLearning */ = {
			isa = PBXGroup;
			children = (
				93B0C5352BE91E8B00523587 /* Utilities */,
				93FA53262BE8DB7A00E07072 /* FirebaseLearningApp.swift */,
				93FA53282BE8DB7A00E07072 /* ContentView.swift */,
				93B0C5222BE8E62400523587 /* Authentication */,
				93B0C5322BE91AE400523587 /* GoogleService-Info.plist */,
				93B0C5342BE91B1600523587 /* Info.plist */,
				93FA532A2BE8DB7C00E07072 /* Assets.xcassets */,
				93FA532C2BE8DB7C00E07072 /* Preview Content */,
			);
			path = FirebaseLearning;
			sourceTree = "<group>";
		};
		93FA532C2BE8DB7C00E07072 /* Preview Content */ = {
			isa = PBXGroup;
			children = (
				93FA532D2BE8DB7C00E07072 /* Preview Assets.xcassets */,
			);
			path = "Preview Content";
			sourceTree = "<group>";
		};
/* End PBXGroup section */

/* Begin PBXNativeTarget section */
		93FA53222BE8DB7A00E07072 /* FirebaseLearning */ = {
			isa = PBXNativeTarget;
			buildConfigurationList = 93FA53312BE8DB7C00E07072 /* Build configuration list for PBXNativeTarget "FirebaseLearning" */;
			buildPhases = (
				93FA531F2BE8DB7A00E07072 /* Sources */,
				93FA53202BE8DB7A00E07072 /* Frameworks */,
				93FA53212BE8DB7A00E07072 /* Resources */,
			);
			buildRules = (
			);
			dependencies = (
			);
			name = FirebaseLearning;
			packageProductDependencies = (
				93FA53372BE8DEEB00E07072 /* FirebaseAnalytics */,
				93FA53392BE8DEEB00E07072 /* FirebaseAnalyticsSwift */,
				93B0C5202BE8E4C100523587 /* FirebaseAuth */,
				93B0C52E2BE9198B00523587 /* GoogleSignIn */,
				93B0C5302BE9198B00523587 /* GoogleSignInSwift */,
			);
			productName = FirebaseLearning;
			productReference = 93FA53232BE8DB7A00E07072 /* FirebaseLearning.app */;
			productType = "com.apple.product-type.application";
		};
/* End PBXNativeTarget section */

/* Begin PBXProject section */
		93FA531B2BE8DB7A00E07072 /* Project object */ = {
			isa = PBXProject;
			attributes = {
				BuildIndependentTargetsInParallel = 1;
				LastSwiftUpdateCheck = 1530;
				LastUpgradeCheck = 1530;
				TargetAttributes = {
					93FA53222BE8DB7A00E07072 = {
						CreatedOnToolsVersion = 15.3;
					};
				};
			};
			buildConfigurationList = 93FA531E2BE8DB7A00E07072 /* Build configuration list for PBXProject "FirebaseLearning" */;
			compatibilityVersion = "Xcode 14.0";
			developmentRegion = en;
			hasScannedForEncodings = 0;
			knownRegions = (
				en,
				Base,
			);
			mainGroup = 93FA531A2BE8DB7A00E07072;
			packageReferences = (
				93FA53362BE8DEEB00E07072 /* XCRemoteSwiftPackageReference "firebase-ios-sdk" */,
				93B0C52D2BE9198B00523587 /* XCRemoteSwiftPackageReference "GoogleSignIn-iOS" */,
			);
			productRefGroup = 93FA53242BE8DB7A00E07072 /* Products */;
			projectDirPath = "";
			projectRoot = "";
			targets = (
				93FA53222BE8DB7A00E07072 /* FirebaseLearning */,
			);
		};
/* End PBXProject section */

/* Begin PBXResourcesBuildPhase section */
		93FA53212BE8DB7A00E07072 /* Resources */ = {
			isa = PBXResourcesBuildPhase;
			buildActionMask = 2147483647;
			files = (
				93FA532E2BE8DB7C00E07072 /* Preview Assets.xcassets in Resources */,
				93FA532B2BE8DB7C00E07072 /* Assets.xcassets in Resources */,
				93B0C5332BE91AE400523587 /* GoogleService-Info.plist in Resources */,
			);
			runOnlyForDeploymentPostprocessing = 0;
		};
/* End PBXResourcesBuildPhase section */

/* Begin PBXSourcesBuildPhase section */
		93FA531F2BE8DB7A00E07072 /* Sources */ = {
			isa = PBXSourcesBuildPhase;
			buildActionMask = 2147483647;
			files = (
				93B0C52C2BE8F70600523587 /* SettingsView.swift in Sources */,
				93FA53292BE8DB7A00E07072 /* ContentView.swift in Sources */,
				93FA53272BE8DB7A00E07072 /* FirebaseLearningApp.swift in Sources */,
				93B0C52A2BE8F4D700523587 /* RootView.swift in Sources */,
				93B0C5242BE8E63700523587 /* AuthView.swift in Sources */,
				93B0C5262BE8E6E500523587 /* SignInEmailView.swift in Sources */,
				93B0C5372BE91EA700523587 /* Utilities.swift in Sources */,
				93B0C5282BE8ED1100523587 /* AuthManager.swift in Sources */,
			);
			runOnlyForDeploymentPostprocessing = 0;
		};
/* End PBXSourcesBuildPhase section */

/* Begin XCBuildConfiguration section */
		93FA532F2BE8DB7C00E07072 /* Debug */ = {
			isa = XCBuildConfiguration;
			buildSettings = {
				ALWAYS_SEARCH_USER_PATHS = NO;
				ASSETCATALOG_COMPILER_GENERATE_SWIFT_ASSET_SYMBOL_EXTENSIONS = YES;
				CLANG_ANALYZER_NONNULL = YES;
				CLANG_ANALYZER_NUMBER_OBJECT_CONVERSION = YES_AGGRESSIVE;
				CLANG_CXX_LANGUAGE_STANDARD = "gnu++20";
				CLANG_ENABLE_MODULES = YES;
				CLANG_ENABLE_OBJC_ARC = YES;
				CLANG_ENABLE_OBJC_WEAK = YES;
				CLANG_WARN_BLOCK_CAPTURE_AUTORELEASING = YES;
				CLANG_WARN_BOOL_CONVERSION = YES;
				CLANG_WARN_COMMA = YES;
				CLANG_WARN_CONSTANT_CONVERSION = YES;
				CLANG_WARN_DEPRECATED_OBJC_IMPLEMENTATIONS = YES;
				CLANG_WARN_DIRECT_OBJC_ISA_USAGE = YES_ERROR;
				CLANG_WARN_DOCUMENTATION_COMMENTS = YES;
				CLANG_WARN_EMPTY_BODY = YES;
				CLANG_WARN_ENUM_CONVERSION = YES;
				CLANG_WARN_INFINITE_RECURSION = YES;
				CLANG_WARN_INT_CONVERSION = YES;
				CLANG_WARN_NON_LITERAL_NULL_CONVERSION = YES;
				CLANG_WARN_OBJC_IMPLICIT_RETAIN_SELF = YES;
				CLANG_WARN_OBJC_LITERAL_CONVERSION = YES;
				CLANG_WARN_OBJC_ROOT_CLASS = YES_ERROR;
				CLANG_WARN_QUOTED_INCLUDE_IN_FRAMEWORK_HEADER = YES;
				CLANG_WARN_RANGE_LOOP_ANALYSIS = YES;
				CLANG_WARN_STRICT_PROTOTYPES = YES;
				CLANG_WARN_SUSPICIOUS_MOVE = YES;
				CLANG_WARN_UNGUARDED_AVAILABILITY = YES_AGGRESSIVE;
				CLANG_WARN_UNREACHABLE_CODE = YES;
				CLANG_WARN__DUPLICATE_METHOD_MATCH = YES;
				COPY_PHASE_STRIP = NO;
				DEBUG_INFORMATION_FORMAT = dwarf;
				ENABLE_STRICT_OBJC_MSGSEND = YES;
				ENABLE_TESTABILITY = YES;
				ENABLE_USER_SCRIPT_SANDBOXING = YES;
				GCC_C_LANGUAGE_STANDARD = gnu17;
				GCC_DYNAMIC_NO_PIC = NO;
				GCC_NO_COMMON_BLOCKS = YES;
				GCC_OPTIMIZATION_LEVEL = 0;
				GCC_PREPROCESSOR_DEFINITIONS = (
					"DEBUG=1",
					"$(inherited)",
				);
				GCC_WARN_64_TO_32_BIT_CONVERSION = YES;
				GCC_WARN_ABOUT_RETURN_TYPE = YES_ERROR;
				GCC_WARN_UNDECLARED_SELECTOR = YES;
				GCC_WARN_UNINITIALIZED_AUTOS = YES_AGGRESSIVE;
				GCC_WARN_UNUSED_FUNCTION = YES;
				GCC_WARN_UNUSED_VARIABLE = YES;
				IPHONEOS_DEPLOYMENT_TARGET = 17.4;
				LOCALIZATION_PREFERS_STRING_CATALOGS = YES;
				MTL_ENABLE_DEBUG_INFO = INCLUDE_SOURCE;
				MTL_FAST_MATH = YES;
				ONLY_ACTIVE_ARCH = YES;
				SDKROOT = iphoneos;
				SWIFT_ACTIVE_COMPILATION_CONDITIONS = "DEBUG $(inherited)";
				SWIFT_OPTIMIZATION_LEVEL = "-Onone";
			};
			name = Debug;
		};
		93FA53302BE8DB7C00E07072 /* Release */ = {
			isa = XCBuildConfiguration;
			buildSettings = {
				ALWAYS_SEARCH_USER_PATHS = NO;
				ASSETCATALOG_COMPILER_GENERATE_SWIFT_ASSET_SYMBOL_EXTENSIONS = YES;
				CLANG_ANALYZER_NONNULL = YES;
				CLANG_ANALYZER_NUMBER_OBJECT_CONVERSION = YES_AGGRESSIVE;
				CLANG_CXX_LANGUAGE_STANDARD = "gnu++20";
				CLANG_ENABLE_MODULES = YES;
				CLANG_ENABLE_OBJC_ARC = YES;
				CLANG_ENABLE_OBJC_WEAK = YES;
				CLANG_WARN_BLOCK_CAPTURE_AUTORELEASING = YES;
				CLANG_WARN_BOOL_CONVERSION = YES;
				CLANG_WARN_COMMA = YES;
				CLANG_WARN_CONSTANT_CONVERSION = YES;
				CLANG_WARN_DEPRECATED_OBJC_IMPLEMENTATIONS = YES;
				CLANG_WARN_DIRECT_OBJC_ISA_USAGE = YES_ERROR;
				CLANG_WARN_DOCUMENTATION_COMMENTS = YES;
				CLANG_WARN_EMPTY_BODY = YES;
				CLANG_WARN_ENUM_CONVERSION = YES;
				CLANG_WARN_INFINITE_RECURSION = YES;
				CLANG_WARN_INT_CONVERSION = YES;
				CLANG_WARN_NON_LITERAL_NULL_CONVERSION = YES;
				CLANG_WARN_OBJC_IMPLICIT_RETAIN_SELF = YES;
				CLANG_WARN_OBJC_LITERAL_CONVERSION = YES;
				CLANG_WARN_OBJC_ROOT_CLASS = YES_ERROR;
				CLANG_WARN_QUOTED_INCLUDE_IN_FRAMEWORK_HEADER = YES;
				CLANG_WARN_RANGE_LOOP_ANALYSIS = YES;
				CLANG_WARN_STRICT_PROTOTYPES = YES;
				CLANG_WARN_SUSPICIOUS_MOVE = YES;
				CLANG_WARN_UNGUARDED_AVAILABILITY = YES_AGGRESSIVE;
				CLANG_WARN_UNREACHABLE_CODE = YES;
				CLANG_WARN__DUPLICATE_METHOD_MATCH = YES;
				COPY_PHASE_STRIP = NO;
				DEBUG_INFORMATION_FORMAT = "dwarf-with-dsym";
				ENABLE_NS_ASSERTIONS = NO;
				ENABLE_STRICT_OBJC_MSGSEND = YES;
				ENABLE_USER_SCRIPT_SANDBOXING = YES;
				GCC_C_LANGUAGE_STANDARD = gnu17;
				GCC_NO_COMMON_BLOCKS = YES;
				GCC_WARN_64_TO_32_BIT_CONVERSION = YES;
				GCC_WARN_ABOUT_RETURN_TYPE = YES_ERROR;
				GCC_WARN_UNDECLARED_SELECTOR = YES;
				GCC_WARN_UNINITIALIZED_AUTOS = YES_AGGRESSIVE;
				GCC_WARN_UNUSED_FUNCTION = YES;
				GCC_WARN_UNUSED_VARIABLE = YES;
				IPHONEOS_DEPLOYMENT_TARGET = 17.4;
				LOCALIZATION_PREFERS_STRING_CATALOGS = YES;
				MTL_ENABLE_DEBUG_INFO = NO;
				MTL_FAST_MATH = YES;
				SDKROOT = iphoneos;
				SWIFT_COMPILATION_MODE = wholemodule;
				VALIDATE_PRODUCT = YES;
			};
			name = Release;
		};
		93FA53322BE8DB7C00E07072 /* Debug */ = {
			isa = XCBuildConfiguration;
			buildSettings = {
				ASSETCATALOG_COMPILER_APPICON_NAME = AppIcon;
				ASSETCATALOG_COMPILER_GLOBAL_ACCENT_COLOR_NAME = AccentColor;
				CODE_SIGN_STYLE = Automatic;
				CURRENT_PROJECT_VERSION = 1;
				DEVELOPMENT_ASSET_PATHS = "\"FirebaseLearning/Preview Content\"";
				DEVELOPMENT_TEAM = 3L9388XQ7S;
				ENABLE_PREVIEWS = YES;
				GENERATE_INFOPLIST_FILE = YES;
				INFOPLIST_FILE = FirebaseLearning/Info.plist;
				INFOPLIST_KEY_UIApplicationSceneManifest_Generation = YES;
				INFOPLIST_KEY_UIApplicationSupportsIndirectInputEvents = YES;
				INFOPLIST_KEY_UILaunchScreen_Generation = YES;
				INFOPLIST_KEY_UISupportedInterfaceOrientations_iPad = "UIInterfaceOrientationPortrait UIInterfaceOrientationPortraitUpsideDown UIInterfaceOrientationLandscapeLeft UIInterfaceOrientationLandscapeRight";
				INFOPLIST_KEY_UISupportedInterfaceOrientations_iPhone = "UIInterfaceOrientationPortrait UIInterfaceOrientationLandscapeLeft UIInterfaceOrientationLandscapeRight";
				LD_RUNPATH_SEARCH_PATHS = (
					"$(inherited)",
					"@executable_path/Frameworks",
				);
				MARKETING_VERSION = 1.0;
				PRODUCT_BUNDLE_IDENTIFIER = com.example.FirebaseLearning;
				PRODUCT_NAME = "$(TARGET_NAME)";
				SWIFT_EMIT_LOC_STRINGS = YES;
				SWIFT_VERSION = 5.0;
				TARGETED_DEVICE_FAMILY = "1,2";
			};
			name = Debug;
		};
		93FA53332BE8DB7C00E07072 /* Release */ = {
			isa = XCBuildConfiguration;
			buildSettings = {
				ASSETCATALOG_COMPILER_APPICON_NAME = AppIcon;
				ASSETCATALOG_COMPILER_GLOBAL_ACCENT_COLOR_NAME = AccentColor;
				CODE_SIGN_STYLE = Automatic;
				CURRENT_PROJECT_VERSION = 1;
				DEVELOPMENT_ASSET_PATHS = "\"FirebaseLearning/Preview Content\"";
				DEVELOPMENT_TEAM = 3L9388XQ7S;
				ENABLE_PREVIEWS = YES;
				GENERATE_INFOPLIST_FILE = YES;
				INFOPLIST_FILE = FirebaseLearning/Info.plist;
				INFOPLIST_KEY_UIApplicationSceneManifest_Generation = YES;
				INFOPLIST_KEY_UIApplicationSupportsIndirectInputEvents = YES;
				INFOPLIST_KEY_UILaunchScreen_Generation = YES;
				INFOPLIST_KEY_UISupportedInterfaceOrientations_iPad = "UIInterfaceOrientationPortrait UIInterfaceOrientationPortraitUpsideDown UIInterfaceOrientationLandscapeLeft UIInterfaceOrientationLandscapeRight";
				INFOPLIST_KEY_UISupportedInterfaceOrientations_iPhone = "UIInterfaceOrientationPortrait UIInterfaceOrientationLandscapeLeft UIInterfaceOrientationLandscapeRight";
				LD_RUNPATH_SEARCH_PATHS = (
					"$(inherited)",
					"@executable_path/Frameworks",
				);
				MARKETING_VERSION = 1.0;
				PRODUCT_BUNDLE_IDENTIFIER = com.example.FirebaseLearning;
				PRODUCT_NAME = "$(TARGET_NAME)";
				SWIFT_EMIT_LOC_STRINGS = YES;
				SWIFT_VERSION = 5.0;
				TARGETED_DEVICE_FAMILY = "1,2";
			};
			name = Release;
		};
/* End XCBuildConfiguration section */

/* Begin XCConfigurationList section */
		93FA531E2BE8DB7A00E07072 /* Build configuration list for PBXProject "FirebaseLearning" */ = {
			isa = XCConfigurationList;
			buildConfigurations = (
				93FA532F2BE8DB7C00E07072 /* Debug */,
				93FA53302BE8DB7C00E07072 /* Release */,
			);
			defaultConfigurationIsVisible = 0;
			defaultConfigurationName = Release;
		};
		93FA53312BE8DB7C00E07072 /* Build configuration list for PBXNativeTarget "FirebaseLearning" */ = {
			isa = XCConfigurationList;
			buildConfigurations = (
				93FA53322BE8DB7C00E07072 /* Debug */,
				93FA53332BE8DB7C00E07072 /* Release */,
			);
			defaultConfigurationIsVisible = 0;
			defaultConfigurationName = Release;
		};
/* End XCConfigurationList section */

/* Begin XCRemoteSwiftPackageReference section */
		93B0C52D2BE9198B00523587 /* XCRemoteSwiftPackageReference "GoogleSignIn-iOS" */ = {
			isa = XCRemoteSwiftPackageReference;
			repositoryURL = "https://github.com/google/GoogleSignIn-iOS.git";
			requirement = {
				kind = upToNextMajorVersion;
				minimumVersion = 7.1.0;
			};
		};
		93FA53362BE8DEEB00E07072 /* XCRemoteSwiftPackageReference "firebase-ios-sdk" */ = {
			isa = XCRemoteSwiftPackageReference;
			repositoryURL = "https://github.com/firebase/firebase-ios-sdk";
			requirement = {
				kind = upToNextMajorVersion;
				minimumVersion = 10.25.0;
			};
		};
/* End XCRemoteSwiftPackageReference section */

/* Begin XCSwiftPackageProductDependency section */
		93B0C5202BE8E4C100523587 /* FirebaseAuth */ = {
			isa = XCSwiftPackageProductDependency;
			package = 93FA53362BE8DEEB00E07072 /* XCRemoteSwiftPackageReference "firebase-ios-sdk" */;
			productName = FirebaseAuth;
		};
		93B0C52E2BE9198B00523587 /* GoogleSignIn */ = {
			isa = XCSwiftPackageProductDependency;
			package = 93B0C52D2BE9198B00523587 /* XCRemoteSwiftPackageReference "GoogleSignIn-iOS" */;
			productName = GoogleSignIn;
		};
		93B0C5302BE9198B00523587 /* GoogleSignInSwift */ = {
			isa = XCSwiftPackageProductDependency;
			package = 93B0C52D2BE9198B00523587 /* XCRemoteSwiftPackageReference "GoogleSignIn-iOS" */;
			productName = GoogleSignInSwift;
		};
		93FA53372BE8DEEB00E07072 /* FirebaseAnalytics */ = {
			isa = XCSwiftPackageProductDependency;
			package = 93FA53362BE8DEEB00E07072 /* XCRemoteSwiftPackageReference "firebase-ios-sdk" */;
			productName = FirebaseAnalytics;
		};
		93FA53392BE8DEEB00E07072 /* FirebaseAnalyticsSwift */ = {
			isa = XCSwiftPackageProductDependency;
			package = 93FA53362BE8DEEB00E07072 /* XCRemoteSwiftPackageReference "firebase-ios-sdk" */;
			productName = FirebaseAnalyticsSwift;
		};
/* End XCSwiftPackageProductDependency section */
	};
	rootObject = 93FA531B2BE8DB7A00E07072 /* Project object */;
}
