// !$*UTF8*$!
{
	archiveVersion = 1;
	classes = {
	};
	objectVersion = 56;
	objects = {

/* Begin PBXBuildFile section */
		9343AFEE2BBD7B3A00CBEEEE /* AlamoProjectApp.swift in Sources */ = {isa = PBXBuildFile; fileRef = 9343AFED2BBD7B3A00CBEEEE /* AlamoProjectApp.swift */; };
		9343AFF02BBD7B3A00CBEEEE /* ContentView.swift in Sources */ = {isa = PBXBuildFile; fileRef = 9343AFEF2BBD7B3A00CBEEEE /* ContentView.swift */; };
		9343AFF22BBD7B3C00CBEEEE /* Assets.xcassets in Resources */ = {isa = PBXBuildFile; fileRef = 9343AFF12BBD7B3C00CBEEEE /* Assets.xcassets */; };
		9343AFF52BBD7B3C00CBEEEE /* Preview Assets.xcassets in Resources */ = {isa = PBXBuildFile; fileRef = 9343AFF42BBD7B3C00CBEEEE /* Preview Assets.xcassets */; };
		9343AFFF2BBD7B3C00CBEEEE /* AlamoProjectTests.swift in Sources */ = {isa = PBXBuildFile; fileRef = 9343AFFE2BBD7B3C00CBEEEE /* AlamoProjectTests.swift */; };
		9343B0092BBD7B3C00CBEEEE /* AlamoProjectUITests.swift in Sources */ = {isa = PBXBuildFile; fileRef = 9343B0082BBD7B3C00CBEEEE /* AlamoProjectUITests.swift */; };
		9343B00B2BBD7B3C00CBEEEE /* AlamoProjectUITestsLaunchTests.swift in Sources */ = {isa = PBXBuildFile; fileRef = 9343B00A2BBD7B3C00CBEEEE /* AlamoProjectUITestsLaunchTests.swift */; };
		9343B0192BBD7EB300CBEEEE /* Alamofire in Frameworks */ = {isa = PBXBuildFile; productRef = 9343B0182BBD7EB300CBEEEE /* Alamofire */; };
/* End PBXBuildFile section */

/* Begin PBXContainerItemProxy section */
		9343AFFB2BBD7B3C00CBEEEE /* PBXContainerItemProxy */ = {
			isa = PBXContainerItemProxy;
			containerPortal = 9343AFE22BBD7B3A00CBEEEE /* Project object */;
			proxyType = 1;
			remoteGlobalIDString = 9343AFE92BBD7B3A00CBEEEE;
			remoteInfo = AlamoProject;
		};
		9343B0052BBD7B3C00CBEEEE /* PBXContainerItemProxy */ = {
			isa = PBXContainerItemProxy;
			containerPortal = 9343AFE22BBD7B3A00CBEEEE /* Project object */;
			proxyType = 1;
			remoteGlobalIDString = 9343AFE92BBD7B3A00CBEEEE;
			remoteInfo = AlamoProject;
		};
/* End PBXContainerItemProxy section */

/* Begin PBXFileReference section */
		9343AFEA2BBD7B3A00CBEEEE /* AlamoProject.app */ = {isa = PBXFileReference; explicitFileType = wrapper.application; includeInIndex = 0; path = AlamoProject.app; sourceTree = BUILT_PRODUCTS_DIR; };
		9343AFED2BBD7B3A00CBEEEE /* AlamoProjectApp.swift */ = {isa = PBXFileReference; lastKnownFileType = sourcecode.swift; path = AlamoProjectApp.swift; sourceTree = "<group>"; };
		9343AFEF2BBD7B3A00CBEEEE /* ContentView.swift */ = {isa = PBXFileReference; lastKnownFileType = sourcecode.swift; path = ContentView.swift; sourceTree = "<group>"; };
		9343AFF12BBD7B3C00CBEEEE /* Assets.xcassets */ = {isa = PBXFileReference; lastKnownFileType = folder.assetcatalog; path = Assets.xcassets; sourceTree = "<group>"; };
		9343AFF42BBD7B3C00CBEEEE /* Preview Assets.xcassets */ = {isa = PBXFileReference; lastKnownFileType = folder.assetcatalog; path = "Preview Assets.xcassets"; sourceTree = "<group>"; };
		9343AFFA2BBD7B3C00CBEEEE /* AlamoProjectTests.xctest */ = {isa = PBXFileReference; explicitFileType = wrapper.cfbundle; includeInIndex = 0; path = AlamoProjectTests.xctest; sourceTree = BUILT_PRODUCTS_DIR; };
		9343AFFE2BBD7B3C00CBEEEE /* AlamoProjectTests.swift */ = {isa = PBXFileReference; lastKnownFileType = sourcecode.swift; path = AlamoProjectTests.swift; sourceTree = "<group>"; };
		9343B0042BBD7B3C00CBEEEE /* AlamoProjectUITests.xctest */ = {isa = PBXFileReference; explicitFileType = wrapper.cfbundle; includeInIndex = 0; path = AlamoProjectUITests.xctest; sourceTree = BUILT_PRODUCTS_DIR; };
		9343B0082BBD7B3C00CBEEEE /* AlamoProjectUITests.swift */ = {isa = PBXFileReference; lastKnownFileType = sourcecode.swift; path = AlamoProjectUITests.swift; sourceTree = "<group>"; };
		9343B00A2BBD7B3C00CBEEEE /* AlamoProjectUITestsLaunchTests.swift */ = {isa = PBXFileReference; lastKnownFileType = sourcecode.swift; path = AlamoProjectUITestsLaunchTests.swift; sourceTree = "<group>"; };
/* End PBXFileReference section */

/* Begin PBXFrameworksBuildPhase section */
		9343AFE72BBD7B3A00CBEEEE /* Frameworks */ = {
			isa = PBXFrameworksBuildPhase;
			buildActionMask = 2147483647;
			files = (
				9343B0192BBD7EB300CBEEEE /* Alamofire in Frameworks */,
			);
			runOnlyForDeploymentPostprocessing = 0;
		};
		9343AFF72BBD7B3C00CBEEEE /* Frameworks */ = {
			isa = PBXFrameworksBuildPhase;
			buildActionMask = 2147483647;
			files = (
			);
			runOnlyForDeploymentPostprocessing = 0;
		};
		9343B0012BBD7B3C00CBEEEE /* Frameworks */ = {
			isa = PBXFrameworksBuildPhase;
			buildActionMask = 2147483647;
			files = (
			);
			runOnlyForDeploymentPostprocessing = 0;
		};
/* End PBXFrameworksBuildPhase section */

/* Begin PBXGroup section */
		9343AFE12BBD7B3A00CBEEEE = {
			isa = PBXGroup;
			children = (
				9343AFEC2BBD7B3A00CBEEEE /* AlamoProject */,
				9343AFFD2BBD7B3C00CBEEEE /* AlamoProjectTests */,
				9343B0072BBD7B3C00CBEEEE /* AlamoProjectUITests */,
				9343AFEB2BBD7B3A00CBEEEE /* Products */,
			);
			sourceTree = "<group>";
		};
		9343AFEB2BBD7B3A00CBEEEE /* Products */ = {
			isa = PBXGroup;
			children = (
				9343AFEA2BBD7B3A00CBEEEE /* AlamoProject.app */,
				9343AFFA2BBD7B3C00CBEEEE /* AlamoProjectTests.xctest */,
				9343B0042BBD7B3C00CBEEEE /* AlamoProjectUITests.xctest */,
			);
			name = Products;
			sourceTree = "<group>";
		};
		9343AFEC2BBD7B3A00CBEEEE /* AlamoProject */ = {
			isa = PBXGroup;
			children = (
				9343AFED2BBD7B3A00CBEEEE /* AlamoProjectApp.swift */,
				9343AFEF2BBD7B3A00CBEEEE /* ContentView.swift */,
				9343AFF12BBD7B3C00CBEEEE /* Assets.xcassets */,
				9343AFF32BBD7B3C00CBEEEE /* Preview Content */,
			);
			path = AlamoProject;
			sourceTree = "<group>";
		};
		9343AFF32BBD7B3C00CBEEEE /* Preview Content */ = {
			isa = PBXGroup;
			children = (
				9343AFF42BBD7B3C00CBEEEE /* Preview Assets.xcassets */,
			);
			path = "Preview Content";
			sourceTree = "<group>";
		};
		9343AFFD2BBD7B3C00CBEEEE /* AlamoProjectTests */ = {
			isa = PBXGroup;
			children = (
				9343AFFE2BBD7B3C00CBEEEE /* AlamoProjectTests.swift */,
			);
			path = AlamoProjectTests;
			sourceTree = "<group>";
		};
		9343B0072BBD7B3C00CBEEEE /* AlamoProjectUITests */ = {
			isa = PBXGroup;
			children = (
				9343B0082BBD7B3C00CBEEEE /* AlamoProjectUITests.swift */,
				9343B00A2BBD7B3C00CBEEEE /* AlamoProjectUITestsLaunchTests.swift */,
			);
			path = AlamoProjectUITests;
			sourceTree = "<group>";
		};
/* End PBXGroup section */

/* Begin PBXNativeTarget section */
		9343AFE92BBD7B3A00CBEEEE /* AlamoProject */ = {
			isa = PBXNativeTarget;
			buildConfigurationList = 9343B00E2BBD7B3C00CBEEEE /* Build configuration list for PBXNativeTarget "AlamoProject" */;
			buildPhases = (
				9343AFE62BBD7B3A00CBEEEE /* Sources */,
				9343AFE72BBD7B3A00CBEEEE /* Frameworks */,
				9343AFE82BBD7B3A00CBEEEE /* Resources */,
			);
			buildRules = (
			);
			dependencies = (
			);
			name = AlamoProject;
			packageProductDependencies = (
				9343B0182BBD7EB300CBEEEE /* Alamofire */,
			);
			productName = AlamoProject;
			productReference = 9343AFEA2BBD7B3A00CBEEEE /* AlamoProject.app */;
			productType = "com.apple.product-type.application";
		};
		9343AFF92BBD7B3C00CBEEEE /* AlamoProjectTests */ = {
			isa = PBXNativeTarget;
			buildConfigurationList = 9343B0112BBD7B3C00CBEEEE /* Build configuration list for PBXNativeTarget "AlamoProjectTests" */;
			buildPhases = (
				9343AFF62BBD7B3C00CBEEEE /* Sources */,
				9343AFF72BBD7B3C00CBEEEE /* Frameworks */,
				9343AFF82BBD7B3C00CBEEEE /* Resources */,
			);
			buildRules = (
			);
			dependencies = (
				9343AFFC2BBD7B3C00CBEEEE /* PBXTargetDependency */,
			);
			name = AlamoProjectTests;
			productName = AlamoProjectTests;
			productReference = 9343AFFA2BBD7B3C00CBEEEE /* AlamoProjectTests.xctest */;
			productType = "com.apple.product-type.bundle.unit-test";
		};
		9343B0032BBD7B3C00CBEEEE /* AlamoProjectUITests */ = {
			isa = PBXNativeTarget;
			buildConfigurationList = 9343B0142BBD7B3C00CBEEEE /* Build configuration list for PBXNativeTarget "AlamoProjectUITests" */;
			buildPhases = (
				9343B0002BBD7B3C00CBEEEE /* Sources */,
				9343B0012BBD7B3C00CBEEEE /* Frameworks */,
				9343B0022BBD7B3C00CBEEEE /* Resources */,
			);
			buildRules = (
			);
			dependencies = (
				9343B0062BBD7B3C00CBEEEE /* PBXTargetDependency */,
			);
			name = AlamoProjectUITests;
			productName = AlamoProjectUITests;
			productReference = 9343B0042BBD7B3C00CBEEEE /* AlamoProjectUITests.xctest */;
			productType = "com.apple.product-type.bundle.ui-testing";
		};
/* End PBXNativeTarget section */

/* Begin PBXProject section */
		9343AFE22BBD7B3A00CBEEEE /* Project object */ = {
			isa = PBXProject;
			attributes = {
				BuildIndependentTargetsInParallel = 1;
				LastSwiftUpdateCheck = 1530;
				LastUpgradeCheck = 1530;
				TargetAttributes = {
					9343AFE92BBD7B3A00CBEEEE = {
						CreatedOnToolsVersion = 15.3;
					};
					9343AFF92BBD7B3C00CBEEEE = {
						CreatedOnToolsVersion = 15.3;
						TestTargetID = 9343AFE92BBD7B3A00CBEEEE;
					};
					9343B0032BBD7B3C00CBEEEE = {
						CreatedOnToolsVersion = 15.3;
						TestTargetID = 9343AFE92BBD7B3A00CBEEEE;
					};
				};
			};
			buildConfigurationList = 9343AFE52BBD7B3A00CBEEEE /* Build configuration list for PBXProject "AlamoProject" */;
			compatibilityVersion = "Xcode 14.0";
			developmentRegion = en;
			hasScannedForEncodings = 0;
			knownRegions = (
				en,
				Base,
			);
			mainGroup = 9343AFE12BBD7B3A00CBEEEE;
			packageReferences = (
				9343B0172BBD7EB300CBEEEE /* XCRemoteSwiftPackageReference "Alamofire" */,
			);
			productRefGroup = 9343AFEB2BBD7B3A00CBEEEE /* Products */;
			projectDirPath = "";
			projectRoot = "";
			targets = (
				9343AFE92BBD7B3A00CBEEEE /* AlamoProject */,
				9343AFF92BBD7B3C00CBEEEE /* AlamoProjectTests */,
				9343B0032BBD7B3C00CBEEEE /* AlamoProjectUITests */,
			);
		};
/* End PBXProject section */

/* Begin PBXResourcesBuildPhase section */
		9343AFE82BBD7B3A00CBEEEE /* Resources */ = {
			isa = PBXResourcesBuildPhase;
			buildActionMask = 2147483647;
			files = (
				9343AFF52BBD7B3C00CBEEEE /* Preview Assets.xcassets in Resources */,
				9343AFF22BBD7B3C00CBEEEE /* Assets.xcassets in Resources */,
			);
			runOnlyForDeploymentPostprocessing = 0;
		};
		9343AFF82BBD7B3C00CBEEEE /* Resources */ = {
			isa = PBXResourcesBuildPhase;
			buildActionMask = 2147483647;
			files = (
			);
			runOnlyForDeploymentPostprocessing = 0;
		};
		9343B0022BBD7B3C00CBEEEE /* Resources */ = {
			isa = PBXResourcesBuildPhase;
			buildActionMask = 2147483647;
			files = (
			);
			runOnlyForDeploymentPostprocessing = 0;
		};
/* End PBXResourcesBuildPhase section */

/* Begin PBXSourcesBuildPhase section */
		9343AFE62BBD7B3A00CBEEEE /* Sources */ = {
			isa = PBXSourcesBuildPhase;
			buildActionMask = 2147483647;
			files = (
				9343AFF02BBD7B3A00CBEEEE /* ContentView.swift in Sources */,
				9343AFEE2BBD7B3A00CBEEEE /* AlamoProjectApp.swift in Sources */,
			);
			runOnlyForDeploymentPostprocessing = 0;
		};
		9343AFF62BBD7B3C00CBEEEE /* Sources */ = {
			isa = PBXSourcesBuildPhase;
			buildActionMask = 2147483647;
			files = (
				9343AFFF2BBD7B3C00CBEEEE /* AlamoProjectTests.swift in Sources */,
			);
			runOnlyForDeploymentPostprocessing = 0;
		};
		9343B0002BBD7B3C00CBEEEE /* Sources */ = {
			isa = PBXSourcesBuildPhase;
			buildActionMask = 2147483647;
			files = (
				9343B0092BBD7B3C00CBEEEE /* AlamoProjectUITests.swift in Sources */,
				9343B00B2BBD7B3C00CBEEEE /* AlamoProjectUITestsLaunchTests.swift in Sources */,
			);
			runOnlyForDeploymentPostprocessing = 0;
		};
/* End PBXSourcesBuildPhase section */

/* Begin PBXTargetDependency section */
		9343AFFC2BBD7B3C00CBEEEE /* PBXTargetDependency */ = {
			isa = PBXTargetDependency;
			target = 9343AFE92BBD7B3A00CBEEEE /* AlamoProject */;
			targetProxy = 9343AFFB2BBD7B3C00CBEEEE /* PBXContainerItemProxy */;
		};
		9343B0062BBD7B3C00CBEEEE /* PBXTargetDependency */ = {
			isa = PBXTargetDependency;
			target = 9343AFE92BBD7B3A00CBEEEE /* AlamoProject */;
			targetProxy = 9343B0052BBD7B3C00CBEEEE /* PBXContainerItemProxy */;
		};
/* End PBXTargetDependency section */

/* Begin XCBuildConfiguration section */
		9343B00C2BBD7B3C00CBEEEE /* Debug */ = {
			isa = XCBuildConfiguration;
			buildSettings = {
				ALWAYS_SEARCH_USER_PATHS = NO;
				ASSETCATALOG_COMPILER_GENERATE_SWIFT_ASSET_SYMBOL_EXTENSIONS = YES;
				CLANG_ANALYZER_NONNULL = YES;
				CLANG_ANALYZER_NUMBER_OBJECT_CONVERSION = YES_AGGRESSIVE;
				CLANG_CXX_LANGUAGE_STANDARD = "gnu++20";
				CLANG_ENABLE_MODULES = YES;
				CLANG_ENABLE_OBJC_ARC = YES;
				CLANG_ENABLE_OBJC_WEAK = YES;
				CLANG_WARN_BLOCK_CAPTURE_AUTORELEASING = YES;
				CLANG_WARN_BOOL_CONVERSION = YES;
				CLANG_WARN_COMMA = YES;
				CLANG_WARN_CONSTANT_CONVERSION = YES;
				CLANG_WARN_DEPRECATED_OBJC_IMPLEMENTATIONS = YES;
				CLANG_WARN_DIRECT_OBJC_ISA_USAGE = YES_ERROR;
				CLANG_WARN_DOCUMENTATION_COMMENTS = YES;
				CLANG_WARN_EMPTY_BODY = YES;
				CLANG_WARN_ENUM_CONVERSION = YES;
				CLANG_WARN_INFINITE_RECURSION = YES;
				CLANG_WARN_INT_CONVERSION = YES;
				CLANG_WARN_NON_LITERAL_NULL_CONVERSION = YES;
				CLANG_WARN_OBJC_IMPLICIT_RETAIN_SELF = YES;
				CLANG_WARN_OBJC_LITERAL_CONVERSION = YES;
				CLANG_WARN_OBJC_ROOT_CLASS = YES_ERROR;
				CLANG_WARN_QUOTED_INCLUDE_IN_FRAMEWORK_HEADER = YES;
				CLANG_WARN_RANGE_LOOP_ANALYSIS = YES;
				CLANG_WARN_STRICT_PROTOTYPES = YES;
				CLANG_WARN_SUSPICIOUS_MOVE = YES;
				CLANG_WARN_UNGUARDED_AVAILABILITY = YES_AGGRESSIVE;
				CLANG_WARN_UNREACHABLE_CODE = YES;
				CLANG_WARN__DUPLICATE_METHOD_MATCH = YES;
				COPY_PHASE_STRIP = NO;
				DEBUG_INFORMATION_FORMAT = dwarf;
				ENABLE_STRICT_OBJC_MSGSEND = YES;
				ENABLE_TESTABILITY = YES;
				ENABLE_USER_SCRIPT_SANDBOXING = YES;
				GCC_C_LANGUAGE_STANDARD = gnu17;
				GCC_DYNAMIC_NO_PIC = NO;
				GCC_NO_COMMON_BLOCKS = YES;
				GCC_OPTIMIZATION_LEVEL = 0;
				GCC_PREPROCESSOR_DEFINITIONS = (
					"DEBUG=1",
					"$(inherited)",
				);
				GCC_WARN_64_TO_32_BIT_CONVERSION = YES;
				GCC_WARN_ABOUT_RETURN_TYPE = YES_ERROR;
				GCC_WARN_UNDECLARED_SELECTOR = YES;
				GCC_WARN_UNINITIALIZED_AUTOS = YES_AGGRESSIVE;
				GCC_WARN_UNUSED_FUNCTION = YES;
				GCC_WARN_UNUSED_VARIABLE = YES;
				IPHONEOS_DEPLOYMENT_TARGET = 17.4;
				LOCALIZATION_PREFERS_STRING_CATALOGS = YES;
				MTL_ENABLE_DEBUG_INFO = INCLUDE_SOURCE;
				MTL_FAST_MATH = YES;
				ONLY_ACTIVE_ARCH = YES;
				SDKROOT = iphoneos;
				SWIFT_ACTIVE_COMPILATION_CONDITIONS = "DEBUG $(inherited)";
				SWIFT_OPTIMIZATION_LEVEL = "-Onone";
			};
			name = Debug;
		};
		9343B00D2BBD7B3C00CBEEEE /* Release */ = {
			isa = XCBuildConfiguration;
			buildSettings = {
				ALWAYS_SEARCH_USER_PATHS = NO;
				ASSETCATALOG_COMPILER_GENERATE_SWIFT_ASSET_SYMBOL_EXTENSIONS = YES;
				CLANG_ANALYZER_NONNULL = YES;
				CLANG_ANALYZER_NUMBER_OBJECT_CONVERSION = YES_AGGRESSIVE;
				CLANG_CXX_LANGUAGE_STANDARD = "gnu++20";
				CLANG_ENABLE_MODULES = YES;
				CLANG_ENABLE_OBJC_ARC = YES;
				CLANG_ENABLE_OBJC_WEAK = YES;
				CLANG_WARN_BLOCK_CAPTURE_AUTORELEASING = YES;
				CLANG_WARN_BOOL_CONVERSION = YES;
				CLANG_WARN_COMMA = YES;
				CLANG_WARN_CONSTANT_CONVERSION = YES;
				CLANG_WARN_DEPRECATED_OBJC_IMPLEMENTATIONS = YES;
				CLANG_WARN_DIRECT_OBJC_ISA_USAGE = YES_ERROR;
				CLANG_WARN_DOCUMENTATION_COMMENTS = YES;
				CLANG_WARN_EMPTY_BODY = YES;
				CLANG_WARN_ENUM_CONVERSION = YES;
				CLANG_WARN_INFINITE_RECURSION = YES;
				CLANG_WARN_INT_CONVERSION = YES;
				CLANG_WARN_NON_LITERAL_NULL_CONVERSION = YES;
				CLANG_WARN_OBJC_IMPLICIT_RETAIN_SELF = YES;
				CLANG_WARN_OBJC_LITERAL_CONVERSION = YES;
				CLANG_WARN_OBJC_ROOT_CLASS = YES_ERROR;
				CLANG_WARN_QUOTED_INCLUDE_IN_FRAMEWORK_HEADER = YES;
				CLANG_WARN_RANGE_LOOP_ANALYSIS = YES;
				CLANG_WARN_STRICT_PROTOTYPES = YES;
				CLANG_WARN_SUSPICIOUS_MOVE = YES;
				CLANG_WARN_UNGUARDED_AVAILABILITY = YES_AGGRESSIVE;
				CLANG_WARN_UNREACHABLE_CODE = YES;
				CLANG_WARN__DUPLICATE_METHOD_MATCH = YES;
				COPY_PHASE_STRIP = NO;
				DEBUG_INFORMATION_FORMAT = "dwarf-with-dsym";
				ENABLE_NS_ASSERTIONS = NO;
				ENABLE_STRICT_OBJC_MSGSEND = YES;
				ENABLE_USER_SCRIPT_SANDBOXING = YES;
				GCC_C_LANGUAGE_STANDARD = gnu17;
				GCC_NO_COMMON_BLOCKS = YES;
				GCC_WARN_64_TO_32_BIT_CONVERSION = YES;
				GCC_WARN_ABOUT_RETURN_TYPE = YES_ERROR;
				GCC_WARN_UNDECLARED_SELECTOR = YES;
				GCC_WARN_UNINITIALIZED_AUTOS = YES_AGGRESSIVE;
				GCC_WARN_UNUSED_FUNCTION = YES;
				GCC_WARN_UNUSED_VARIABLE = YES;
				IPHONEOS_DEPLOYMENT_TARGET = 17.4;
				LOCALIZATION_PREFERS_STRING_CATALOGS = YES;
				MTL_ENABLE_DEBUG_INFO = NO;
				MTL_FAST_MATH = YES;
				SDKROOT = iphoneos;
				SWIFT_COMPILATION_MODE = wholemodule;
				VALIDATE_PRODUCT = YES;
			};
			name = Release;
		};
		9343B00F2BBD7B3C00CBEEEE /* Debug */ = {
			isa = XCBuildConfiguration;
			buildSettings = {
				ASSETCATALOG_COMPILER_APPICON_NAME = AppIcon;
				ASSETCATALOG_COMPILER_GLOBAL_ACCENT_COLOR_NAME = AccentColor;
				CODE_SIGN_STYLE = Automatic;
				CURRENT_PROJECT_VERSION = 1;
				DEVELOPMENT_ASSET_PATHS = "\"AlamoProject/Preview Content\"";
				DEVELOPMENT_TEAM = 3L9388XQ7S;
				ENABLE_PREVIEWS = YES;
				GENERATE_INFOPLIST_FILE = YES;
				INFOPLIST_KEY_UIApplicationSceneManifest_Generation = YES;
				INFOPLIST_KEY_UIApplicationSupportsIndirectInputEvents = YES;
				INFOPLIST_KEY_UILaunchScreen_Generation = YES;
				INFOPLIST_KEY_UISupportedInterfaceOrientations_iPad = "UIInterfaceOrientationPortrait UIInterfaceOrientationPortraitUpsideDown UIInterfaceOrientationLandscapeLeft UIInterfaceOrientationLandscapeRight";
				INFOPLIST_KEY_UISupportedInterfaceOrientations_iPhone = "UIInterfaceOrientationPortrait UIInterfaceOrientationLandscapeLeft UIInterfaceOrientationLandscapeRight";
				LD_RUNPATH_SEARCH_PATHS = (
					"$(inherited)",
					"@executable_path/Frameworks",
				);
				MARKETING_VERSION = 1.0;
				PRODUCT_BUNDLE_IDENTIFIER = com.example.AlamoProject;
				PRODUCT_NAME = "$(TARGET_NAME)";
				SWIFT_EMIT_LOC_STRINGS = YES;
				SWIFT_VERSION = 5.0;
				TARGETED_DEVICE_FAMILY = "1,2";
			};
			name = Debug;
		};
		9343B0102BBD7B3C00CBEEEE /* Release */ = {
			isa = XCBuildConfiguration;
			buildSettings = {
				ASSETCATALOG_COMPILER_APPICON_NAME = AppIcon;
				ASSETCATALOG_COMPILER_GLOBAL_ACCENT_COLOR_NAME = AccentColor;
				CODE_SIGN_STYLE = Automatic;
				CURRENT_PROJECT_VERSION = 1;
				DEVELOPMENT_ASSET_PATHS = "\"AlamoProject/Preview Content\"";
				DEVELOPMENT_TEAM = 3L9388XQ7S;
				ENABLE_PREVIEWS = YES;
				GENERATE_INFOPLIST_FILE = YES;
				INFOPLIST_KEY_UIApplicationSceneManifest_Generation = YES;
				INFOPLIST_KEY_UIApplicationSupportsIndirectInputEvents = YES;
				INFOPLIST_KEY_UILaunchScreen_Generation = YES;
				INFOPLIST_KEY_UISupportedInterfaceOrientations_iPad = "UIInterfaceOrientationPortrait UIInterfaceOrientationPortraitUpsideDown UIInterfaceOrientationLandscapeLeft UIInterfaceOrientationLandscapeRight";
				INFOPLIST_KEY_UISupportedInterfaceOrientations_iPhone = "UIInterfaceOrientationPortrait UIInterfaceOrientationLandscapeLeft UIInterfaceOrientationLandscapeRight";
				LD_RUNPATH_SEARCH_PATHS = (
					"$(inherited)",
					"@executable_path/Frameworks",
				);
				MARKETING_VERSION = 1.0;
				PRODUCT_BUNDLE_IDENTIFIER = com.example.AlamoProject;
				PRODUCT_NAME = "$(TARGET_NAME)";
				SWIFT_EMIT_LOC_STRINGS = YES;
				SWIFT_VERSION = 5.0;
				TARGETED_DEVICE_FAMILY = "1,2";
			};
			name = Release;
		};
		9343B0122BBD7B3C00CBEEEE /* Debug */ = {
			isa = XCBuildConfiguration;
			buildSettings = {
				ALWAYS_EMBED_SWIFT_STANDARD_LIBRARIES = YES;
				BUNDLE_LOADER = "$(TEST_HOST)";
				CODE_SIGN_STYLE = Automatic;
				CURRENT_PROJECT_VERSION = 1;
				DEVELOPMENT_TEAM = 3L9388XQ7S;
				GENERATE_INFOPLIST_FILE = YES;
				IPHONEOS_DEPLOYMENT_TARGET = 17.4;
				MARKETING_VERSION = 1.0;
				PRODUCT_BUNDLE_IDENTIFIER = com.example.AlamoProjectTests;
				PRODUCT_NAME = "$(TARGET_NAME)";
				SWIFT_EMIT_LOC_STRINGS = NO;
				SWIFT_VERSION = 5.0;
				TARGETED_DEVICE_FAMILY = "1,2";
				TEST_HOST = "$(BUILT_PRODUCTS_DIR)/AlamoProject.app/$(BUNDLE_EXECUTABLE_FOLDER_PATH)/AlamoProject";
			};
			name = Debug;
		};
		9343B0132BBD7B3C00CBEEEE /* Release */ = {
			isa = XCBuildConfiguration;
			buildSettings = {
				ALWAYS_EMBED_SWIFT_STANDARD_LIBRARIES = YES;
				BUNDLE_LOADER = "$(TEST_HOST)";
				CODE_SIGN_STYLE = Automatic;
				CURRENT_PROJECT_VERSION = 1;
				DEVELOPMENT_TEAM = 3L9388XQ7S;
				GENERATE_INFOPLIST_FILE = YES;
				IPHONEOS_DEPLOYMENT_TARGET = 17.4;
				MARKETING_VERSION = 1.0;
				PRODUCT_BUNDLE_IDENTIFIER = com.example.AlamoProjectTests;
				PRODUCT_NAME = "$(TARGET_NAME)";
				SWIFT_EMIT_LOC_STRINGS = NO;
				SWIFT_VERSION = 5.0;
				TARGETED_DEVICE_FAMILY = "1,2";
				TEST_HOST = "$(BUILT_PRODUCTS_DIR)/AlamoProject.app/$(BUNDLE_EXECUTABLE_FOLDER_PATH)/AlamoProject";
			};
			name = Release;
		};
		9343B0152BBD7B3C00CBEEEE /* Debug */ = {
			isa = XCBuildConfiguration;
			buildSettings = {
				ALWAYS_EMBED_SWIFT_STANDARD_LIBRARIES = YES;
				CODE_SIGN_STYLE = Automatic;
				CURRENT_PROJECT_VERSION = 1;
				DEVELOPMENT_TEAM = 3L9388XQ7S;
				GENERATE_INFOPLIST_FILE = YES;
				MARKETING_VERSION = 1.0;
				PRODUCT_BUNDLE_IDENTIFIER = com.example.AlamoProjectUITests;
				PRODUCT_NAME = "$(TARGET_NAME)";
				SWIFT_EMIT_LOC_STRINGS = NO;
				SWIFT_VERSION = 5.0;
				TARGETED_DEVICE_FAMILY = "1,2";
				TEST_TARGET_NAME = AlamoProject;
			};
			name = Debug;
		};
		9343B0162BBD7B3C00CBEEEE /* Release */ = {
			isa = XCBuildConfiguration;
			buildSettings = {
				ALWAYS_EMBED_SWIFT_STANDARD_LIBRARIES = YES;
				CODE_SIGN_STYLE = Automatic;
				CURRENT_PROJECT_VERSION = 1;
				DEVELOPMENT_TEAM = 3L9388XQ7S;
				GENERATE_INFOPLIST_FILE = YES;
				MARKETING_VERSION = 1.0;
				PRODUCT_BUNDLE_IDENTIFIER = com.example.AlamoProjectUITests;
				PRODUCT_NAME = "$(TARGET_NAME)";
				SWIFT_EMIT_LOC_STRINGS = NO;
				SWIFT_VERSION = 5.0;
				TARGETED_DEVICE_FAMILY = "1,2";
				TEST_TARGET_NAME = AlamoProject;
			};
			name = Release;
		};
/* End XCBuildConfiguration section */

/* Begin XCConfigurationList section */
		9343AFE52BBD7B3A00CBEEEE /* Build configuration list for PBXProject "AlamoProject" */ = {
			isa = XCConfigurationList;
			buildConfigurations = (
				9343B00C2BBD7B3C00CBEEEE /* Debug */,
				9343B00D2BBD7B3C00CBEEEE /* Release */,
			);
			defaultConfigurationIsVisible = 0;
			defaultConfigurationName = Release;
		};
		9343B00E2BBD7B3C00CBEEEE /* Build configuration list for PBXNativeTarget "AlamoProject" */ = {
			isa = XCConfigurationList;
			buildConfigurations = (
				9343B00F2BBD7B3C00CBEEEE /* Debug */,
				9343B0102BBD7B3C00CBEEEE /* Release */,
			);
			defaultConfigurationIsVisible = 0;
			defaultConfigurationName = Release;
		};
		9343B0112BBD7B3C00CBEEEE /* Build configuration list for PBXNativeTarget "AlamoProjectTests" */ = {
			isa = XCConfigurationList;
			buildConfigurations = (
				9343B0122BBD7B3C00CBEEEE /* Debug */,
				9343B0132BBD7B3C00CBEEEE /* Release */,
			);
			defaultConfigurationIsVisible = 0;
			defaultConfigurationName = Release;
		};
		9343B0142BBD7B3C00CBEEEE /* Build configuration list for PBXNativeTarget "AlamoProjectUITests" */ = {
			isa = XCConfigurationList;
			buildConfigurations = (
				9343B0152BBD7B3C00CBEEEE /* Debug */,
				9343B0162BBD7B3C00CBEEEE /* Release */,
			);
			defaultConfigurationIsVisible = 0;
			defaultConfigurationName = Release;
		};
/* End XCConfigurationList section */

/* Begin XCRemoteSwiftPackageReference section */
		9343B0172BBD7EB300CBEEEE /* XCRemoteSwiftPackageReference "Alamofire" */ = {
			isa = XCRemoteSwiftPackageReference;
			repositoryURL = "https://github.com/Alamofire/Alamofire.git";
			requirement = {
				kind = upToNextMajorVersion;
				minimumVersion = 5.9.1;
			};
		};
/* End XCRemoteSwiftPackageReference section */

/* Begin XCSwiftPackageProductDependency section */
		9343B0182BBD7EB300CBEEEE /* Alamofire */ = {
			isa = XCSwiftPackageProductDependency;
			package = 9343B0172BBD7EB300CBEEEE /* XCRemoteSwiftPackageReference "Alamofire" */;
			productName = Alamofire;
		};
/* End XCSwiftPackageProductDependency section */
	};
	rootObject = 9343AFE22BBD7B3A00CBEEEE /* Project object */;
}
