// !$*UTF8*$!
{
	archiveVersion = 1;
	classes = {
	};
	objectVersion = 56;
	objects = {

/* Begin PBXBuildFile section */
		93A90A3A2BAA997200714FFC /* sliderApp.swift in Sources */ = {isa = PBXBuildFile; fileRef = 93A90A392BAA997200714FFC /* sliderApp.swift */; };
		93A90A3C2BAA997200714FFC /* ContentView.swift in Sources */ = {isa = PBXBuildFile; fileRef = 93A90A3B2BAA997200714FFC /* ContentView.swift */; };
		93A90A3E2BAA998700714FFC /* Assets.xcassets in Resources */ = {isa = PBXBuildFile; fileRef = 93A90A3D2BAA998700714FFC /* Assets.xcassets */; };
		93A90A412BAA998700714FFC /* Preview Assets.xcassets in Resources */ = {isa = PBXBuildFile; fileRef = 93A90A402BAA998700714FFC /* Preview Assets.xcassets */; };
		93A90A4B2BAA998700714FFC /* sliderTests.swift in Sources */ = {isa = PBXBuildFile; fileRef = 93A90A4A2BAA998700714FFC /* sliderTests.swift */; };
		93A90A552BAA998700714FFC /* sliderUITests.swift in Sources */ = {isa = PBXBuildFile; fileRef = 93A90A542BAA998700714FFC /* sliderUITests.swift */; };
		93A90A572BAA998700714FFC /* sliderUITestsLaunchTests.swift in Sources */ = {isa = PBXBuildFile; fileRef = 93A90A562BAA998700714FFC /* sliderUITestsLaunchTests.swift */; };
/* End PBXBuildFile section */

/* Begin PBXContainerItemProxy section */
		93A90A472BAA998700714FFC /* PBXContainerItemProxy */ = {
			isa = PBXContainerItemProxy;
			containerPortal = 93A90A2E2BAA997200714FFC /* Project object */;
			proxyType = 1;
			remoteGlobalIDString = 93A90A352BAA997200714FFC;
			remoteInfo = slider;
		};
		93A90A512BAA998700714FFC /* PBXContainerItemProxy */ = {
			isa = PBXContainerItemProxy;
			containerPortal = 93A90A2E2BAA997200714FFC /* Project object */;
			proxyType = 1;
			remoteGlobalIDString = 93A90A352BAA997200714FFC;
			remoteInfo = slider;
		};
/* End PBXContainerItemProxy section */

/* Begin PBXFileReference section */
		93A90A362BAA997200714FFC /* slider.app */ = {isa = PBXFileReference; explicitFileType = wrapper.application; includeInIndex = 0; path = slider.app; sourceTree = BUILT_PRODUCTS_DIR; };
		93A90A392BAA997200714FFC /* sliderApp.swift */ = {isa = PBXFileReference; lastKnownFileType = sourcecode.swift; path = sliderApp.swift; sourceTree = "<group>"; };
		93A90A3B2BAA997200714FFC /* ContentView.swift */ = {isa = PBXFileReference; lastKnownFileType = sourcecode.swift; path = ContentView.swift; sourceTree = "<group>"; };
		93A90A3D2BAA998700714FFC /* Assets.xcassets */ = {isa = PBXFileReference; lastKnownFileType = folder.assetcatalog; path = Assets.xcassets; sourceTree = "<group>"; };
		93A90A402BAA998700714FFC /* Preview Assets.xcassets */ = {isa = PBXFileReference; lastKnownFileType = folder.assetcatalog; path = "Preview Assets.xcassets"; sourceTree = "<group>"; };
		93A90A462BAA998700714FFC /* sliderTests.xctest */ = {isa = PBXFileReference; explicitFileType = wrapper.cfbundle; includeInIndex = 0; path = sliderTests.xctest; sourceTree = BUILT_PRODUCTS_DIR; };
		93A90A4A2BAA998700714FFC /* sliderTests.swift */ = {isa = PBXFileReference; lastKnownFileType = sourcecode.swift; path = sliderTests.swift; sourceTree = "<group>"; };
		93A90A502BAA998700714FFC /* sliderUITests.xctest */ = {isa = PBXFileReference; explicitFileType = wrapper.cfbundle; includeInIndex = 0; path = sliderUITests.xctest; sourceTree = BUILT_PRODUCTS_DIR; };
		93A90A542BAA998700714FFC /* sliderUITests.swift */ = {isa = PBXFileReference; lastKnownFileType = sourcecode.swift; path = sliderUITests.swift; sourceTree = "<group>"; };
		93A90A562BAA998700714FFC /* sliderUITestsLaunchTests.swift */ = {isa = PBXFileReference; lastKnownFileType = sourcecode.swift; path = sliderUITestsLaunchTests.swift; sourceTree = "<group>"; };
/* End PBXFileReference section */

/* Begin PBXFrameworksBuildPhase section */
		93A90A332BAA997200714FFC /* Frameworks */ = {
			isa = PBXFrameworksBuildPhase;
			buildActionMask = 2147483647;
			files = (
			);
			runOnlyForDeploymentPostprocessing = 0;
		};
		93A90A432BAA998700714FFC /* Frameworks */ = {
			isa = PBXFrameworksBuildPhase;
			buildActionMask = 2147483647;
			files = (
			);
			runOnlyForDeploymentPostprocessing = 0;
		};
		93A90A4D2BAA998700714FFC /* Frameworks */ = {
			isa = PBXFrameworksBuildPhase;
			buildActionMask = 2147483647;
			files = (
			);
			runOnlyForDeploymentPostprocessing = 0;
		};
/* End PBXFrameworksBuildPhase section */

/* Begin PBXGroup section */
		93A90A2D2BAA997200714FFC = {
			isa = PBXGroup;
			children = (
				93A90A382BAA997200714FFC /* slider */,
				93A90A492BAA998700714FFC /* sliderTests */,
				93A90A532BAA998700714FFC /* sliderUITests */,
				93A90A372BAA997200714FFC /* Products */,
			);
			sourceTree = "<group>";
		};
		93A90A372BAA997200714FFC /* Products */ = {
			isa = PBXGroup;
			children = (
				93A90A362BAA997200714FFC /* slider.app */,
				93A90A462BAA998700714FFC /* sliderTests.xctest */,
				93A90A502BAA998700714FFC /* sliderUITests.xctest */,
			);
			name = Products;
			sourceTree = "<group>";
		};
		93A90A382BAA997200714FFC /* slider */ = {
			isa = PBXGroup;
			children = (
				93A90A392BAA997200714FFC /* sliderApp.swift */,
				93A90A3B2BAA997200714FFC /* ContentView.swift */,
				93A90A3D2BAA998700714FFC /* Assets.xcassets */,
				93A90A3F2BAA998700714FFC /* Preview Content */,
			);
			path = slider;
			sourceTree = "<group>";
		};
		93A90A3F2BAA998700714FFC /* Preview Content */ = {
			isa = PBXGroup;
			children = (
				93A90A402BAA998700714FFC /* Preview Assets.xcassets */,
			);
			path = "Preview Content";
			sourceTree = "<group>";
		};
		93A90A492BAA998700714FFC /* sliderTests */ = {
			isa = PBXGroup;
			children = (
				93A90A4A2BAA998700714FFC /* sliderTests.swift */,
			);
			path = sliderTests;
			sourceTree = "<group>";
		};
		93A90A532BAA998700714FFC /* sliderUITests */ = {
			isa = PBXGroup;
			children = (
				93A90A542BAA998700714FFC /* sliderUITests.swift */,
				93A90A562BAA998700714FFC /* sliderUITestsLaunchTests.swift */,
			);
			path = sliderUITests;
			sourceTree = "<group>";
		};
/* End PBXGroup section */

/* Begin PBXNativeTarget section */
		93A90A352BAA997200714FFC /* slider */ = {
			isa = PBXNativeTarget;
			buildConfigurationList = 93A90A5A2BAA998700714FFC /* Build configuration list for PBXNativeTarget "slider" */;
			buildPhases = (
				93A90A322BAA997200714FFC /* Sources */,
				93A90A332BAA997200714FFC /* Frameworks */,
				93A90A342BAA997200714FFC /* Resources */,
			);
			buildRules = (
			);
			dependencies = (
			);
			name = slider;
			productName = slider;
			productReference = 93A90A362BAA997200714FFC /* slider.app */;
			productType = "com.apple.product-type.application";
		};
		93A90A452BAA998700714FFC /* sliderTests */ = {
			isa = PBXNativeTarget;
			buildConfigurationList = 93A90A5D2BAA998700714FFC /* Build configuration list for PBXNativeTarget "sliderTests" */;
			buildPhases = (
				93A90A422BAA998700714FFC /* Sources */,
				93A90A432BAA998700714FFC /* Frameworks */,
				93A90A442BAA998700714FFC /* Resources */,
			);
			buildRules = (
			);
			dependencies = (
				93A90A482BAA998700714FFC /* PBXTargetDependency */,
			);
			name = sliderTests;
			productName = sliderTests;
			productReference = 93A90A462BAA998700714FFC /* sliderTests.xctest */;
			productType = "com.apple.product-type.bundle.unit-test";
		};
		93A90A4F2BAA998700714FFC /* sliderUITests */ = {
			isa = PBXNativeTarget;
			buildConfigurationList = 93A90A602BAA998700714FFC /* Build configuration list for PBXNativeTarget "sliderUITests" */;
			buildPhases = (
				93A90A4C2BAA998700714FFC /* Sources */,
				93A90A4D2BAA998700714FFC /* Frameworks */,
				93A90A4E2BAA998700714FFC /* Resources */,
			);
			buildRules = (
			);
			dependencies = (
				93A90A522BAA998700714FFC /* PBXTargetDependency */,
			);
			name = sliderUITests;
			productName = sliderUITests;
			productReference = 93A90A502BAA998700714FFC /* sliderUITests.xctest */;
			productType = "com.apple.product-type.bundle.ui-testing";
		};
/* End PBXNativeTarget section */

/* Begin PBXProject section */
		93A90A2E2BAA997200714FFC /* Project object */ = {
			isa = PBXProject;
			attributes = {
				BuildIndependentTargetsInParallel = 1;
				LastSwiftUpdateCheck = 1530;
				LastUpgradeCheck = 1530;
				TargetAttributes = {
					93A90A352BAA997200714FFC = {
						CreatedOnToolsVersion = 15.3;
					};
					93A90A452BAA998700714FFC = {
						CreatedOnToolsVersion = 15.3;
						TestTargetID = 93A90A352BAA997200714FFC;
					};
					93A90A4F2BAA998700714FFC = {
						CreatedOnToolsVersion = 15.3;
						TestTargetID = 93A90A352BAA997200714FFC;
					};
				};
			};
			buildConfigurationList = 93A90A312BAA997200714FFC /* Build configuration list for PBXProject "slider" */;
			compatibilityVersion = "Xcode 14.0";
			developmentRegion = en;
			hasScannedForEncodings = 0;
			knownRegions = (
				en,
				Base,
			);
			mainGroup = 93A90A2D2BAA997200714FFC;
			productRefGroup = 93A90A372BAA997200714FFC /* Products */;
			projectDirPath = "";
			projectRoot = "";
			targets = (
				93A90A352BAA997200714FFC /* slider */,
				93A90A452BAA998700714FFC /* sliderTests */,
				93A90A4F2BAA998700714FFC /* sliderUITests */,
			);
		};
/* End PBXProject section */

/* Begin PBXResourcesBuildPhase section */
		93A90A342BAA997200714FFC /* Resources */ = {
			isa = PBXResourcesBuildPhase;
			buildActionMask = 2147483647;
			files = (
				93A90A412BAA998700714FFC /* Preview Assets.xcassets in Resources */,
				93A90A3E2BAA998700714FFC /* Assets.xcassets in Resources */,
			);
			runOnlyForDeploymentPostprocessing = 0;
		};
		93A90A442BAA998700714FFC /* Resources */ = {
			isa = PBXResourcesBuildPhase;
			buildActionMask = 2147483647;
			files = (
			);
			runOnlyForDeploymentPostprocessing = 0;
		};
		93A90A4E2BAA998700714FFC /* Resources */ = {
			isa = PBXResourcesBuildPhase;
			buildActionMask = 2147483647;
			files = (
			);
			runOnlyForDeploymentPostprocessing = 0;
		};
/* End PBXResourcesBuildPhase section */

/* Begin PBXSourcesBuildPhase section */
		93A90A322BAA997200714FFC /* Sources */ = {
			isa = PBXSourcesBuildPhase;
			buildActionMask = 2147483647;
			files = (
				93A90A3C2BAA997200714FFC /* ContentView.swift in Sources */,
				93A90A3A2BAA997200714FFC /* sliderApp.swift in Sources */,
			);
			runOnlyForDeploymentPostprocessing = 0;
		};
		93A90A422BAA998700714FFC /* Sources */ = {
			isa = PBXSourcesBuildPhase;
			buildActionMask = 2147483647;
			files = (
				93A90A4B2BAA998700714FFC /* sliderTests.swift in Sources */,
			);
			runOnlyForDeploymentPostprocessing = 0;
		};
		93A90A4C2BAA998700714FFC /* Sources */ = {
			isa = PBXSourcesBuildPhase;
			buildActionMask = 2147483647;
			files = (
				93A90A552BAA998700714FFC /* sliderUITests.swift in Sources */,
				93A90A572BAA998700714FFC /* sliderUITestsLaunchTests.swift in Sources */,
			);
			runOnlyForDeploymentPostprocessing = 0;
		};
/* End PBXSourcesBuildPhase section */

/* Begin PBXTargetDependency section */
		93A90A482BAA998700714FFC /* PBXTargetDependency */ = {
			isa = PBXTargetDependency;
			target = 93A90A352BAA997200714FFC /* slider */;
			targetProxy = 93A90A472BAA998700714FFC /* PBXContainerItemProxy */;
		};
		93A90A522BAA998700714FFC /* PBXTargetDependency */ = {
			isa = PBXTargetDependency;
			target = 93A90A352BAA997200714FFC /* slider */;
			targetProxy = 93A90A512BAA998700714FFC /* PBXContainerItemProxy */;
		};
/* End PBXTargetDependency section */

/* Begin XCBuildConfiguration section */
		93A90A582BAA998700714FFC /* Debug */ = {
			isa = XCBuildConfiguration;
			buildSettings = {
				ALWAYS_SEARCH_USER_PATHS = NO;
				ASSETCATALOG_COMPILER_GENERATE_SWIFT_ASSET_SYMBOL_EXTENSIONS = YES;
				CLANG_ANALYZER_NONNULL = YES;
				CLANG_ANALYZER_NUMBER_OBJECT_CONVERSION = YES_AGGRESSIVE;
				CLANG_CXX_LANGUAGE_STANDARD = "gnu++20";
				CLANG_ENABLE_MODULES = YES;
				CLANG_ENABLE_OBJC_ARC = YES;
				CLANG_ENABLE_OBJC_WEAK = YES;
				CLANG_WARN_BLOCK_CAPTURE_AUTORELEASING = YES;
				CLANG_WARN_BOOL_CONVERSION = YES;
				CLANG_WARN_COMMA = YES;
				CLANG_WARN_CONSTANT_CONVERSION = YES;
				CLANG_WARN_DEPRECATED_OBJC_IMPLEMENTATIONS = YES;
				CLANG_WARN_DIRECT_OBJC_ISA_USAGE = YES_ERROR;
				CLANG_WARN_DOCUMENTATION_COMMENTS = YES;
				CLANG_WARN_EMPTY_BODY = YES;
				CLANG_WARN_ENUM_CONVERSION = YES;
				CLANG_WARN_INFINITE_RECURSION = YES;
				CLANG_WARN_INT_CONVERSION = YES;
				CLANG_WARN_NON_LITERAL_NULL_CONVERSION = YES;
				CLANG_WARN_OBJC_IMPLICIT_RETAIN_SELF = YES;
				CLANG_WARN_OBJC_LITERAL_CONVERSION = YES;
				CLANG_WARN_OBJC_ROOT_CLASS = YES_ERROR;
				CLANG_WARN_QUOTED_INCLUDE_IN_FRAMEWORK_HEADER = YES;
				CLANG_WARN_RANGE_LOOP_ANALYSIS = YES;
				CLANG_WARN_STRICT_PROTOTYPES = YES;
				CLANG_WARN_SUSPICIOUS_MOVE = YES;
				CLANG_WARN_UNGUARDED_AVAILABILITY = YES_AGGRESSIVE;
				CLANG_WARN_UNREACHABLE_CODE = YES;
				CLANG_WARN__DUPLICATE_METHOD_MATCH = YES;
				COPY_PHASE_STRIP = NO;
				DEBUG_INFORMATION_FORMAT = dwarf;
				ENABLE_STRICT_OBJC_MSGSEND = YES;
				ENABLE_TESTABILITY = YES;
				ENABLE_USER_SCRIPT_SANDBOXING = YES;
				GCC_C_LANGUAGE_STANDARD = gnu17;
				GCC_DYNAMIC_NO_PIC = NO;
				GCC_NO_COMMON_BLOCKS = YES;
				GCC_OPTIMIZATION_LEVEL = 0;
				GCC_PREPROCESSOR_DEFINITIONS = (
					"DEBUG=1",
					"$(inherited)",
				);
				GCC_WARN_64_TO_32_BIT_CONVERSION = YES;
				GCC_WARN_ABOUT_RETURN_TYPE = YES_ERROR;
				GCC_WARN_UNDECLARED_SELECTOR = YES;
				GCC_WARN_UNINITIALIZED_AUTOS = YES_AGGRESSIVE;
				GCC_WARN_UNUSED_FUNCTION = YES;
				GCC_WARN_UNUSED_VARIABLE = YES;
				IPHONEOS_DEPLOYMENT_TARGET = 17.4;
				LOCALIZATION_PREFERS_STRING_CATALOGS = YES;
				MTL_ENABLE_DEBUG_INFO = INCLUDE_SOURCE;
				MTL_FAST_MATH = YES;
				ONLY_ACTIVE_ARCH = YES;
				SDKROOT = iphoneos;
				SWIFT_ACTIVE_COMPILATION_CONDITIONS = "DEBUG $(inherited)";
				SWIFT_OPTIMIZATION_LEVEL = "-Onone";
			};
			name = Debug;
		};
		93A90A592BAA998700714FFC /* Release */ = {
			isa = XCBuildConfiguration;
			buildSettings = {
				ALWAYS_SEARCH_USER_PATHS = NO;
				ASSETCATALOG_COMPILER_GENERATE_SWIFT_ASSET_SYMBOL_EXTENSIONS = YES;
				CLANG_ANALYZER_NONNULL = YES;
				CLANG_ANALYZER_NUMBER_OBJECT_CONVERSION = YES_AGGRESSIVE;
				CLANG_CXX_LANGUAGE_STANDARD = "gnu++20";
				CLANG_ENABLE_MODULES = YES;
				CLANG_ENABLE_OBJC_ARC = YES;
				CLANG_ENABLE_OBJC_WEAK = YES;
				CLANG_WARN_BLOCK_CAPTURE_AUTORELEASING = YES;
				CLANG_WARN_BOOL_CONVERSION = YES;
				CLANG_WARN_COMMA = YES;
				CLANG_WARN_CONSTANT_CONVERSION = YES;
				CLANG_WARN_DEPRECATED_OBJC_IMPLEMENTATIONS = YES;
				CLANG_WARN_DIRECT_OBJC_ISA_USAGE = YES_ERROR;
				CLANG_WARN_DOCUMENTATION_COMMENTS = YES;
				CLANG_WARN_EMPTY_BODY = YES;
				CLANG_WARN_ENUM_CONVERSION = YES;
				CLANG_WARN_INFINITE_RECURSION = YES;
				CLANG_WARN_INT_CONVERSION = YES;
				CLANG_WARN_NON_LITERAL_NULL_CONVERSION = YES;
				CLANG_WARN_OBJC_IMPLICIT_RETAIN_SELF = YES;
				CLANG_WARN_OBJC_LITERAL_CONVERSION = YES;
				CLANG_WARN_OBJC_ROOT_CLASS = YES_ERROR;
				CLANG_WARN_QUOTED_INCLUDE_IN_FRAMEWORK_HEADER = YES;
				CLANG_WARN_RANGE_LOOP_ANALYSIS = YES;
				CLANG_WARN_STRICT_PROTOTYPES = YES;
				CLANG_WARN_SUSPICIOUS_MOVE = YES;
				CLANG_WARN_UNGUARDED_AVAILABILITY = YES_AGGRESSIVE;
				CLANG_WARN_UNREACHABLE_CODE = YES;
				CLANG_WARN__DUPLICATE_METHOD_MATCH = YES;
				COPY_PHASE_STRIP = NO;
				DEBUG_INFORMATION_FORMAT = "dwarf-with-dsym";
				ENABLE_NS_ASSERTIONS = NO;
				ENABLE_STRICT_OBJC_MSGSEND = YES;
				ENABLE_USER_SCRIPT_SANDBOXING = YES;
				GCC_C_LANGUAGE_STANDARD = gnu17;
				GCC_NO_COMMON_BLOCKS = YES;
				GCC_WARN_64_TO_32_BIT_CONVERSION = YES;
				GCC_WARN_ABOUT_RETURN_TYPE = YES_ERROR;
				GCC_WARN_UNDECLARED_SELECTOR = YES;
				GCC_WARN_UNINITIALIZED_AUTOS = YES_AGGRESSIVE;
				GCC_WARN_UNUSED_FUNCTION = YES;
				GCC_WARN_UNUSED_VARIABLE = YES;
				IPHONEOS_DEPLOYMENT_TARGET = 17.4;
				LOCALIZATION_PREFERS_STRING_CATALOGS = YES;
				MTL_ENABLE_DEBUG_INFO = NO;
				MTL_FAST_MATH = YES;
				SDKROOT = iphoneos;
				SWIFT_COMPILATION_MODE = wholemodule;
				VALIDATE_PRODUCT = YES;
			};
			name = Release;
		};
		93A90A5B2BAA998700714FFC /* Debug */ = {
			isa = XCBuildConfiguration;
			buildSettings = {
				ASSETCATALOG_COMPILER_APPICON_NAME = AppIcon;
				ASSETCATALOG_COMPILER_GLOBAL_ACCENT_COLOR_NAME = AccentColor;
				CODE_SIGN_STYLE = Automatic;
				CURRENT_PROJECT_VERSION = 1;
				DEVELOPMENT_ASSET_PATHS = "\"slider/Preview Content\"";
				DEVELOPMENT_TEAM = 3L9388XQ7S;
				ENABLE_PREVIEWS = YES;
				GENERATE_INFOPLIST_FILE = YES;
				INFOPLIST_KEY_UIApplicationSceneManifest_Generation = YES;
				INFOPLIST_KEY_UIApplicationSupportsIndirectInputEvents = YES;
				INFOPLIST_KEY_UILaunchScreen_Generation = YES;
				INFOPLIST_KEY_UISupportedInterfaceOrientations_iPad = "UIInterfaceOrientationPortrait UIInterfaceOrientationPortraitUpsideDown UIInterfaceOrientationLandscapeLeft UIInterfaceOrientationLandscapeRight";
				INFOPLIST_KEY_UISupportedInterfaceOrientations_iPhone = "UIInterfaceOrientationPortrait UIInterfaceOrientationLandscapeLeft UIInterfaceOrientationLandscapeRight";
				LD_RUNPATH_SEARCH_PATHS = (
					"$(inherited)",
					"@executable_path/Frameworks",
				);
				MARKETING_VERSION = 1.0;
				PRODUCT_BUNDLE_IDENTIFIER = com.example.slider;
				PRODUCT_NAME = "$(TARGET_NAME)";
				SWIFT_EMIT_LOC_STRINGS = YES;
				SWIFT_VERSION = 5.0;
				TARGETED_DEVICE_FAMILY = "1,2";
			};
			name = Debug;
		};
		93A90A5C2BAA998700714FFC /* Release */ = {
			isa = XCBuildConfiguration;
			buildSettings = {
				ASSETCATALOG_COMPILER_APPICON_NAME = AppIcon;
				ASSETCATALOG_COMPILER_GLOBAL_ACCENT_COLOR_NAME = AccentColor;
				CODE_SIGN_STYLE = Automatic;
				CURRENT_PROJECT_VERSION = 1;
				DEVELOPMENT_ASSET_PATHS = "\"slider/Preview Content\"";
				DEVELOPMENT_TEAM = 3L9388XQ7S;
				ENABLE_PREVIEWS = YES;
				GENERATE_INFOPLIST_FILE = YES;
				INFOPLIST_KEY_UIApplicationSceneManifest_Generation = YES;
				INFOPLIST_KEY_UIApplicationSupportsIndirectInputEvents = YES;
				INFOPLIST_KEY_UILaunchScreen_Generation = YES;
				INFOPLIST_KEY_UISupportedInterfaceOrientations_iPad = "UIInterfaceOrientationPortrait UIInterfaceOrientationPortraitUpsideDown UIInterfaceOrientationLandscapeLeft UIInterfaceOrientationLandscapeRight";
				INFOPLIST_KEY_UISupportedInterfaceOrientations_iPhone = "UIInterfaceOrientationPortrait UIInterfaceOrientationLandscapeLeft UIInterfaceOrientationLandscapeRight";
				LD_RUNPATH_SEARCH_PATHS = (
					"$(inherited)",
					"@executable_path/Frameworks",
				);
				MARKETING_VERSION = 1.0;
				PRODUCT_BUNDLE_IDENTIFIER = com.example.slider;
				PRODUCT_NAME = "$(TARGET_NAME)";
				SWIFT_EMIT_LOC_STRINGS = YES;
				SWIFT_VERSION = 5.0;
				TARGETED_DEVICE_FAMILY = "1,2";
			};
			name = Release;
		};
		93A90A5E2BAA998700714FFC /* Debug */ = {
			isa = XCBuildConfiguration;
			buildSettings = {
				ALWAYS_EMBED_SWIFT_STANDARD_LIBRARIES = YES;
				BUNDLE_LOADER = "$(TEST_HOST)";
				CODE_SIGN_STYLE = Automatic;
				CURRENT_PROJECT_VERSION = 1;
				DEVELOPMENT_TEAM = 3L9388XQ7S;
				GENERATE_INFOPLIST_FILE = YES;
				IPHONEOS_DEPLOYMENT_TARGET = 17.4;
				MARKETING_VERSION = 1.0;
				PRODUCT_BUNDLE_IDENTIFIER = com.example.sliderTests;
				PRODUCT_NAME = "$(TARGET_NAME)";
				SWIFT_EMIT_LOC_STRINGS = NO;
				SWIFT_VERSION = 5.0;
				TARGETED_DEVICE_FAMILY = "1,2";
				TEST_HOST = "$(BUILT_PRODUCTS_DIR)/slider.app/$(BUNDLE_EXECUTABLE_FOLDER_PATH)/slider";
			};
			name = Debug;
		};
		93A90A5F2BAA998700714FFC /* Release */ = {
			isa = XCBuildConfiguration;
			buildSettings = {
				ALWAYS_EMBED_SWIFT_STANDARD_LIBRARIES = YES;
				BUNDLE_LOADER = "$(TEST_HOST)";
				CODE_SIGN_STYLE = Automatic;
				CURRENT_PROJECT_VERSION = 1;
				DEVELOPMENT_TEAM = 3L9388XQ7S;
				GENERATE_INFOPLIST_FILE = YES;
				IPHONEOS_DEPLOYMENT_TARGET = 17.4;
				MARKETING_VERSION = 1.0;
				PRODUCT_BUNDLE_IDENTIFIER = com.example.sliderTests;
				PRODUCT_NAME = "$(TARGET_NAME)";
				SWIFT_EMIT_LOC_STRINGS = NO;
				SWIFT_VERSION = 5.0;
				TARGETED_DEVICE_FAMILY = "1,2";
				TEST_HOST = "$(BUILT_PRODUCTS_DIR)/slider.app/$(BUNDLE_EXECUTABLE_FOLDER_PATH)/slider";
			};
			name = Release;
		};
		93A90A612BAA998700714FFC /* Debug */ = {
			isa = XCBuildConfiguration;
			buildSettings = {
				ALWAYS_EMBED_SWIFT_STANDARD_LIBRARIES = YES;
				CODE_SIGN_STYLE = Automatic;
				CURRENT_PROJECT_VERSION = 1;
				DEVELOPMENT_TEAM = 3L9388XQ7S;
				GENERATE_INFOPLIST_FILE = YES;
				MARKETING_VERSION = 1.0;
				PRODUCT_BUNDLE_IDENTIFIER = com.example.sliderUITests;
				PRODUCT_NAME = "$(TARGET_NAME)";
				SWIFT_EMIT_LOC_STRINGS = NO;
				SWIFT_VERSION = 5.0;
				TARGETED_DEVICE_FAMILY = "1,2";
				TEST_TARGET_NAME = slider;
			};
			name = Debug;
		};
		93A90A622BAA998700714FFC /* Release */ = {
			isa = XCBuildConfiguration;
			buildSettings = {
				ALWAYS_EMBED_SWIFT_STANDARD_LIBRARIES = YES;
				CODE_SIGN_STYLE = Automatic;
				CURRENT_PROJECT_VERSION = 1;
				DEVELOPMENT_TEAM = 3L9388XQ7S;
				GENERATE_INFOPLIST_FILE = YES;
				MARKETING_VERSION = 1.0;
				PRODUCT_BUNDLE_IDENTIFIER = com.example.sliderUITests;
				PRODUCT_NAME = "$(TARGET_NAME)";
				SWIFT_EMIT_LOC_STRINGS = NO;
				SWIFT_VERSION = 5.0;
				TARGETED_DEVICE_FAMILY = "1,2";
				TEST_TARGET_NAME = slider;
			};
			name = Release;
		};
/* End XCBuildConfiguration section */

/* Begin XCConfigurationList section */
		93A90A312BAA997200714FFC /* Build configuration list for PBXProject "slider" */ = {
			isa = XCConfigurationList;
			buildConfigurations = (
				93A90A582BAA998700714FFC /* Debug */,
				93A90A592BAA998700714FFC /* Release */,
			);
			defaultConfigurationIsVisible = 0;
			defaultConfigurationName = Release;
		};
		93A90A5A2BAA998700714FFC /* Build configuration list for PBXNativeTarget "slider" */ = {
			isa = XCConfigurationList;
			buildConfigurations = (
				93A90A5B2BAA998700714FFC /* Debug */,
				93A90A5C2BAA998700714FFC /* Release */,
			);
			defaultConfigurationIsVisible = 0;
			defaultConfigurationName = Release;
		};
		93A90A5D2BAA998700714FFC /* Build configuration list for PBXNativeTarget "sliderTests" */ = {
			isa = XCConfigurationList;
			buildConfigurations = (
				93A90A5E2BAA998700714FFC /* Debug */,
				93A90A5F2BAA998700714FFC /* Release */,
			);
			defaultConfigurationIsVisible = 0;
			defaultConfigurationName = Release;
		};
		93A90A602BAA998700714FFC /* Build configuration list for PBXNativeTarget "sliderUITests" */ = {
			isa = XCConfigurationList;
			buildConfigurations = (
				93A90A612BAA998700714FFC /* Debug */,
				93A90A622BAA998700714FFC /* Release */,
			);
			defaultConfigurationIsVisible = 0;
			defaultConfigurationName = Release;
		};
/* End XCConfigurationList section */
	};
	rootObject = 93A90A2E2BAA997200714FFC /* Project object */;
}
