// !$*UTF8*$!
{
	archiveVersion = 1;
	classes = {
	};
	objectVersion = 56;
	objects = {

/* Begin PBXBuildFile section */
		9340B0BA2BFDD55F0022848B /* ToastView.swift in Sources */ = {isa = PBXBuildFile; fileRef = 9340B0B92BFDD55F0022848B /* ToastView.swift */; };
		9340B0BC2BFDD77E0022848B /* Toast.swift in Sources */ = {isa = PBXBuildFile; fileRef = 9340B0BB2BFDD77E0022848B /* Toast.swift */; };
		9340B0C02BFE03580022848B /* CustomProgressView.swift in Sources */ = {isa = PBXBuildFile; fileRef = 9340B0BF2BFE03580022848B /* CustomProgressView.swift */; };
		9340B0C22BFE06DE0022848B /* CustomProgress.swift in Sources */ = {isa = PBXBuildFile; fileRef = 9340B0C12BFE06DE0022848B /* CustomProgress.swift */; };
		93883BF92BFCAD1600F3310A /* SceneDelegateLearningApp.swift in Sources */ = {isa = PBXBuildFile; fileRef = 93883BF82BFCAD1600F3310A /* SceneDelegateLearningApp.swift */; };
		93883BFB2BFCAD1600F3310A /* ContentView.swift in Sources */ = {isa = PBXBuildFile; fileRef = 93883BFA2BFCAD1600F3310A /* ContentView.swift */; };
		93883BFD2BFCAD1800F3310A /* Assets.xcassets in Resources */ = {isa = PBXBuildFile; fileRef = 93883BFC2BFCAD1800F3310A /* Assets.xcassets */; };
		93883C002BFCAD1800F3310A /* Preview Assets.xcassets in Resources */ = {isa = PBXBuildFile; fileRef = 93883BFF2BFCAD1800F3310A /* Preview Assets.xcassets */; };
		93883C072BFCADD600F3310A /* SceneDelegate.swift in Sources */ = {isa = PBXBuildFile; fileRef = 93883C062BFCADD600F3310A /* SceneDelegate.swift */; };
		93883C092BFCAE0400F3310A /* AlertView.swift in Sources */ = {isa = PBXBuildFile; fileRef = 93883C082BFCAE0400F3310A /* AlertView.swift */; };
		93883C0B2BFCD69500F3310A /* AppDelegate.swift in Sources */ = {isa = PBXBuildFile; fileRef = 93883C0A2BFCD69500F3310A /* AppDelegate.swift */; };
/* End PBXBuildFile section */

/* Begin PBXFileReference section */
		9340B0B92BFDD55F0022848B /* ToastView.swift */ = {isa = PBXFileReference; lastKnownFileType = sourcecode.swift; path = ToastView.swift; sourceTree = "<group>"; };
		9340B0BB2BFDD77E0022848B /* Toast.swift */ = {isa = PBXFileReference; lastKnownFileType = sourcecode.swift; path = Toast.swift; sourceTree = "<group>"; };
		9340B0BF2BFE03580022848B /* CustomProgressView.swift */ = {isa = PBXFileReference; lastKnownFileType = sourcecode.swift; path = CustomProgressView.swift; sourceTree = "<group>"; };
		9340B0C12BFE06DE0022848B /* CustomProgress.swift */ = {isa = PBXFileReference; lastKnownFileType = sourcecode.swift; path = CustomProgress.swift; sourceTree = "<group>"; };
		93883BF52BFCAD1600F3310A /* SceneDelegateLearning.app */ = {isa = PBXFileReference; explicitFileType = wrapper.application; includeInIndex = 0; path = SceneDelegateLearning.app; sourceTree = BUILT_PRODUCTS_DIR; };
		93883BF82BFCAD1600F3310A /* SceneDelegateLearningApp.swift */ = {isa = PBXFileReference; lastKnownFileType = sourcecode.swift; path = SceneDelegateLearningApp.swift; sourceTree = "<group>"; };
		93883BFA2BFCAD1600F3310A /* ContentView.swift */ = {isa = PBXFileReference; lastKnownFileType = sourcecode.swift; path = ContentView.swift; sourceTree = "<group>"; };
		93883BFC2BFCAD1800F3310A /* Assets.xcassets */ = {isa = PBXFileReference; lastKnownFileType = folder.assetcatalog; path = Assets.xcassets; sourceTree = "<group>"; };
		93883BFF2BFCAD1800F3310A /* Preview Assets.xcassets */ = {isa = PBXFileReference; lastKnownFileType = folder.assetcatalog; path = "Preview Assets.xcassets"; sourceTree = "<group>"; };
		93883C062BFCADD600F3310A /* SceneDelegate.swift */ = {isa = PBXFileReference; lastKnownFileType = sourcecode.swift; path = SceneDelegate.swift; sourceTree = "<group>"; };
		93883C082BFCAE0400F3310A /* AlertView.swift */ = {isa = PBXFileReference; lastKnownFileType = sourcecode.swift; path = AlertView.swift; sourceTree = "<group>"; };
		93883C0A2BFCD69500F3310A /* AppDelegate.swift */ = {isa = PBXFileReference; lastKnownFileType = sourcecode.swift; path = AppDelegate.swift; sourceTree = "<group>"; };
		93883C0C2BFD0E9A00F3310A /* Info.plist */ = {isa = PBXFileReference; lastKnownFileType = text.plist; path = Info.plist; sourceTree = "<group>"; };
/* End PBXFileReference section */

/* Begin PBXFrameworksBuildPhase section */
		93883BF22BFCAD1600F3310A /* Frameworks */ = {
			isa = PBXFrameworksBuildPhase;
			buildActionMask = 2147483647;
			files = (
			);
			runOnlyForDeploymentPostprocessing = 0;
		};
/* End PBXFrameworksBuildPhase section */

/* Begin PBXGroup section */
		9340B0BD2BFE02AF0022848B /* Toast */ = {
			isa = PBXGroup;
			children = (
				9340B0B92BFDD55F0022848B /* ToastView.swift */,
				9340B0BB2BFDD77E0022848B /* Toast.swift */,
			);
			path = Toast;
			sourceTree = "<group>";
		};
		9340B0BE2BFE03240022848B /* Progress */ = {
			isa = PBXGroup;
			children = (
				9340B0BF2BFE03580022848B /* CustomProgressView.swift */,
				9340B0C12BFE06DE0022848B /* CustomProgress.swift */,
			);
			path = Progress;
			sourceTree = "<group>";
		};
		93883BEC2BFCAD1600F3310A = {
			isa = PBXGroup;
			children = (
				93883BF72BFCAD1600F3310A /* SceneDelegateLearning */,
				93883BF62BFCAD1600F3310A /* Products */,
			);
			sourceTree = "<group>";
		};
		93883BF62BFCAD1600F3310A /* Products */ = {
			isa = PBXGroup;
			children = (
				93883BF52BFCAD1600F3310A /* SceneDelegateLearning.app */,
			);
			name = Products;
			sourceTree = "<group>";
		};
		93883BF72BFCAD1600F3310A /* SceneDelegateLearning */ = {
			isa = PBXGroup;
			children = (
				93883C0C2BFD0E9A00F3310A /* Info.plist */,
				93883BF82BFCAD1600F3310A /* SceneDelegateLearningApp.swift */,
				93883BFA2BFCAD1600F3310A /* ContentView.swift */,
				9340B0BD2BFE02AF0022848B /* Toast */,
				9340B0BE2BFE03240022848B /* Progress */,
				93883C082BFCAE0400F3310A /* AlertView.swift */,
				93883C062BFCADD600F3310A /* SceneDelegate.swift */,
				93883C0A2BFCD69500F3310A /* AppDelegate.swift */,
				93883BFC2BFCAD1800F3310A /* Assets.xcassets */,
				93883BFE2BFCAD1800F3310A /* Preview Content */,
			);
			path = SceneDelegateLearning;
			sourceTree = "<group>";
		};
		93883BFE2BFCAD1800F3310A /* Preview Content */ = {
			isa = PBXGroup;
			children = (
				93883BFF2BFCAD1800F3310A /* Preview Assets.xcassets */,
			);
			path = "Preview Content";
			sourceTree = "<group>";
		};
/* End PBXGroup section */

/* Begin PBXNativeTarget section */
		93883BF42BFCAD1600F3310A /* SceneDelegateLearning */ = {
			isa = PBXNativeTarget;
			buildConfigurationList = 93883C032BFCAD1800F3310A /* Build configuration list for PBXNativeTarget "SceneDelegateLearning" */;
			buildPhases = (
				93883BF12BFCAD1600F3310A /* Sources */,
				93883BF22BFCAD1600F3310A /* Frameworks */,
				93883BF32BFCAD1600F3310A /* Resources */,
			);
			buildRules = (
			);
			dependencies = (
			);
			name = SceneDelegateLearning;
			productName = SceneDelegateLearning;
			productReference = 93883BF52BFCAD1600F3310A /* SceneDelegateLearning.app */;
			productType = "com.apple.product-type.application";
		};
/* End PBXNativeTarget section */

/* Begin PBXProject section */
		93883BED2BFCAD1600F3310A /* Project object */ = {
			isa = PBXProject;
			attributes = {
				BuildIndependentTargetsInParallel = 1;
				LastSwiftUpdateCheck = 1530;
				LastUpgradeCheck = 1530;
				TargetAttributes = {
					93883BF42BFCAD1600F3310A = {
						CreatedOnToolsVersion = 15.3;
					};
				};
			};
			buildConfigurationList = 93883BF02BFCAD1600F3310A /* Build configuration list for PBXProject "SceneDelegateLearning" */;
			compatibilityVersion = "Xcode 14.0";
			developmentRegion = en;
			hasScannedForEncodings = 0;
			knownRegions = (
				en,
				Base,
			);
			mainGroup = 93883BEC2BFCAD1600F3310A;
			productRefGroup = 93883BF62BFCAD1600F3310A /* Products */;
			projectDirPath = "";
			projectRoot = "";
			targets = (
				93883BF42BFCAD1600F3310A /* SceneDelegateLearning */,
			);
		};
/* End PBXProject section */

/* Begin PBXResourcesBuildPhase section */
		93883BF32BFCAD1600F3310A /* Resources */ = {
			isa = PBXResourcesBuildPhase;
			buildActionMask = 2147483647;
			files = (
				93883C002BFCAD1800F3310A /* Preview Assets.xcassets in Resources */,
				93883BFD2BFCAD1800F3310A /* Assets.xcassets in Resources */,
			);
			runOnlyForDeploymentPostprocessing = 0;
		};
/* End PBXResourcesBuildPhase section */

/* Begin PBXSourcesBuildPhase section */
		93883BF12BFCAD1600F3310A /* Sources */ = {
			isa = PBXSourcesBuildPhase;
			buildActionMask = 2147483647;
			files = (
				93883BFB2BFCAD1600F3310A /* ContentView.swift in Sources */,
				93883C092BFCAE0400F3310A /* AlertView.swift in Sources */,
				9340B0C02BFE03580022848B /* CustomProgressView.swift in Sources */,
				9340B0C22BFE06DE0022848B /* CustomProgress.swift in Sources */,
				93883BF92BFCAD1600F3310A /* SceneDelegateLearningApp.swift in Sources */,
				93883C0B2BFCD69500F3310A /* AppDelegate.swift in Sources */,
				9340B0BA2BFDD55F0022848B /* ToastView.swift in Sources */,
				93883C072BFCADD600F3310A /* SceneDelegate.swift in Sources */,
				9340B0BC2BFDD77E0022848B /* Toast.swift in Sources */,
			);
			runOnlyForDeploymentPostprocessing = 0;
		};
/* End PBXSourcesBuildPhase section */

/* Begin XCBuildConfiguration section */
		93883C012BFCAD1800F3310A /* Debug */ = {
			isa = XCBuildConfiguration;
			buildSettings = {
				ALWAYS_SEARCH_USER_PATHS = NO;
				ASSETCATALOG_COMPILER_GENERATE_SWIFT_ASSET_SYMBOL_EXTENSIONS = YES;
				CLANG_ANALYZER_NONNULL = YES;
				CLANG_ANALYZER_NUMBER_OBJECT_CONVERSION = YES_AGGRESSIVE;
				CLANG_CXX_LANGUAGE_STANDARD = "gnu++20";
				CLANG_ENABLE_MODULES = YES;
				CLANG_ENABLE_OBJC_ARC = YES;
				CLANG_ENABLE_OBJC_WEAK = YES;
				CLANG_WARN_BLOCK_CAPTURE_AUTORELEASING = YES;
				CLANG_WARN_BOOL_CONVERSION = YES;
				CLANG_WARN_COMMA = YES;
				CLANG_WARN_CONSTANT_CONVERSION = YES;
				CLANG_WARN_DEPRECATED_OBJC_IMPLEMENTATIONS = YES;
				CLANG_WARN_DIRECT_OBJC_ISA_USAGE = YES_ERROR;
				CLANG_WARN_DOCUMENTATION_COMMENTS = YES;
				CLANG_WARN_EMPTY_BODY = YES;
				CLANG_WARN_ENUM_CONVERSION = YES;
				CLANG_WARN_INFINITE_RECURSION = YES;
				CLANG_WARN_INT_CONVERSION = YES;
				CLANG_WARN_NON_LITERAL_NULL_CONVERSION = YES;
				CLANG_WARN_OBJC_IMPLICIT_RETAIN_SELF = YES;
				CLANG_WARN_OBJC_LITERAL_CONVERSION = YES;
				CLANG_WARN_OBJC_ROOT_CLASS = YES_ERROR;
				CLANG_WARN_QUOTED_INCLUDE_IN_FRAMEWORK_HEADER = YES;
				CLANG_WARN_RANGE_LOOP_ANALYSIS = YES;
				CLANG_WARN_STRICT_PROTOTYPES = YES;
				CLANG_WARN_SUSPICIOUS_MOVE = YES;
				CLANG_WARN_UNGUARDED_AVAILABILITY = YES_AGGRESSIVE;
				CLANG_WARN_UNREACHABLE_CODE = YES;
				CLANG_WARN__DUPLICATE_METHOD_MATCH = YES;
				COPY_PHASE_STRIP = NO;
				DEBUG_INFORMATION_FORMAT = dwarf;
				ENABLE_STRICT_OBJC_MSGSEND = YES;
				ENABLE_TESTABILITY = YES;
				ENABLE_USER_SCRIPT_SANDBOXING = YES;
				GCC_C_LANGUAGE_STANDARD = gnu17;
				GCC_DYNAMIC_NO_PIC = NO;
				GCC_NO_COMMON_BLOCKS = YES;
				GCC_OPTIMIZATION_LEVEL = 0;
				GCC_PREPROCESSOR_DEFINITIONS = (
					"DEBUG=1",
					"$(inherited)",
				);
				GCC_WARN_64_TO_32_BIT_CONVERSION = YES;
				GCC_WARN_ABOUT_RETURN_TYPE = YES_ERROR;
				GCC_WARN_UNDECLARED_SELECTOR = YES;
				GCC_WARN_UNINITIALIZED_AUTOS = YES_AGGRESSIVE;
				GCC_WARN_UNUSED_FUNCTION = YES;
				GCC_WARN_UNUSED_VARIABLE = YES;
				IPHONEOS_DEPLOYMENT_TARGET = 17.4;
				LOCALIZATION_PREFERS_STRING_CATALOGS = YES;
				MTL_ENABLE_DEBUG_INFO = INCLUDE_SOURCE;
				MTL_FAST_MATH = YES;
				ONLY_ACTIVE_ARCH = YES;
				SDKROOT = iphoneos;
				SWIFT_ACTIVE_COMPILATION_CONDITIONS = "DEBUG $(inherited)";
				SWIFT_OPTIMIZATION_LEVEL = "-Onone";
			};
			name = Debug;
		};
		93883C022BFCAD1800F3310A /* Release */ = {
			isa = XCBuildConfiguration;
			buildSettings = {
				ALWAYS_SEARCH_USER_PATHS = NO;
				ASSETCATALOG_COMPILER_GENERATE_SWIFT_ASSET_SYMBOL_EXTENSIONS = YES;
				CLANG_ANALYZER_NONNULL = YES;
				CLANG_ANALYZER_NUMBER_OBJECT_CONVERSION = YES_AGGRESSIVE;
				CLANG_CXX_LANGUAGE_STANDARD = "gnu++20";
				CLANG_ENABLE_MODULES = YES;
				CLANG_ENABLE_OBJC_ARC = YES;
				CLANG_ENABLE_OBJC_WEAK = YES;
				CLANG_WARN_BLOCK_CAPTURE_AUTORELEASING = YES;
				CLANG_WARN_BOOL_CONVERSION = YES;
				CLANG_WARN_COMMA = YES;
				CLANG_WARN_CONSTANT_CONVERSION = YES;
				CLANG_WARN_DEPRECATED_OBJC_IMPLEMENTATIONS = YES;
				CLANG_WARN_DIRECT_OBJC_ISA_USAGE = YES_ERROR;
				CLANG_WARN_DOCUMENTATION_COMMENTS = YES;
				CLANG_WARN_EMPTY_BODY = YES;
				CLANG_WARN_ENUM_CONVERSION = YES;
				CLANG_WARN_INFINITE_RECURSION = YES;
				CLANG_WARN_INT_CONVERSION = YES;
				CLANG_WARN_NON_LITERAL_NULL_CONVERSION = YES;
				CLANG_WARN_OBJC_IMPLICIT_RETAIN_SELF = YES;
				CLANG_WARN_OBJC_LITERAL_CONVERSION = YES;
				CLANG_WARN_OBJC_ROOT_CLASS = YES_ERROR;
				CLANG_WARN_QUOTED_INCLUDE_IN_FRAMEWORK_HEADER = YES;
				CLANG_WARN_RANGE_LOOP_ANALYSIS = YES;
				CLANG_WARN_STRICT_PROTOTYPES = YES;
				CLANG_WARN_SUSPICIOUS_MOVE = YES;
				CLANG_WARN_UNGUARDED_AVAILABILITY = YES_AGGRESSIVE;
				CLANG_WARN_UNREACHABLE_CODE = YES;
				CLANG_WARN__DUPLICATE_METHOD_MATCH = YES;
				COPY_PHASE_STRIP = NO;
				DEBUG_INFORMATION_FORMAT = "dwarf-with-dsym";
				ENABLE_NS_ASSERTIONS = NO;
				ENABLE_STRICT_OBJC_MSGSEND = YES;
				ENABLE_USER_SCRIPT_SANDBOXING = YES;
				GCC_C_LANGUAGE_STANDARD = gnu17;
				GCC_NO_COMMON_BLOCKS = YES;
				GCC_WARN_64_TO_32_BIT_CONVERSION = YES;
				GCC_WARN_ABOUT_RETURN_TYPE = YES_ERROR;
				GCC_WARN_UNDECLARED_SELECTOR = YES;
				GCC_WARN_UNINITIALIZED_AUTOS = YES_AGGRESSIVE;
				GCC_WARN_UNUSED_FUNCTION = YES;
				GCC_WARN_UNUSED_VARIABLE = YES;
				IPHONEOS_DEPLOYMENT_TARGET = 17.4;
				LOCALIZATION_PREFERS_STRING_CATALOGS = YES;
				MTL_ENABLE_DEBUG_INFO = NO;
				MTL_FAST_MATH = YES;
				SDKROOT = iphoneos;
				SWIFT_COMPILATION_MODE = wholemodule;
				VALIDATE_PRODUCT = YES;
			};
			name = Release;
		};
		93883C042BFCAD1800F3310A /* Debug */ = {
			isa = XCBuildConfiguration;
			buildSettings = {
				ASSETCATALOG_COMPILER_APPICON_NAME = AppIcon;
				ASSETCATALOG_COMPILER_GLOBAL_ACCENT_COLOR_NAME = AccentColor;
				CODE_SIGN_STYLE = Automatic;
				CURRENT_PROJECT_VERSION = 1;
				DEVELOPMENT_ASSET_PATHS = "\"SceneDelegateLearning/Preview Content\"";
				DEVELOPMENT_TEAM = 3L9388XQ7S;
				ENABLE_PREVIEWS = YES;
				GENERATE_INFOPLIST_FILE = YES;
				INFOPLIST_FILE = SceneDelegateLearning/Info.plist;
				INFOPLIST_KEY_UIApplicationSupportsIndirectInputEvents = YES;
				INFOPLIST_KEY_UILaunchScreen_Generation = YES;
				INFOPLIST_KEY_UISupportedInterfaceOrientations_iPad = "UIInterfaceOrientationPortrait UIInterfaceOrientationPortraitUpsideDown UIInterfaceOrientationLandscapeLeft UIInterfaceOrientationLandscapeRight";
				INFOPLIST_KEY_UISupportedInterfaceOrientations_iPhone = "UIInterfaceOrientationPortrait UIInterfaceOrientationLandscapeLeft UIInterfaceOrientationLandscapeRight";
				LD_RUNPATH_SEARCH_PATHS = (
					"$(inherited)",
					"@executable_path/Frameworks",
				);
				MARKETING_VERSION = 1.0;
				PRODUCT_BUNDLE_IDENTIFIER = com.example.SceneDelegateLearning;
				PRODUCT_NAME = "$(TARGET_NAME)";
				SWIFT_EMIT_LOC_STRINGS = YES;
				SWIFT_VERSION = 5.0;
				TARGETED_DEVICE_FAMILY = "1,2";
			};
			name = Debug;
		};
		93883C052BFCAD1800F3310A /* Release */ = {
			isa = XCBuildConfiguration;
			buildSettings = {
				ASSETCATALOG_COMPILER_APPICON_NAME = AppIcon;
				ASSETCATALOG_COMPILER_GLOBAL_ACCENT_COLOR_NAME = AccentColor;
				CODE_SIGN_STYLE = Automatic;
				CURRENT_PROJECT_VERSION = 1;
				DEVELOPMENT_ASSET_PATHS = "\"SceneDelegateLearning/Preview Content\"";
				DEVELOPMENT_TEAM = 3L9388XQ7S;
				ENABLE_PREVIEWS = YES;
				GENERATE_INFOPLIST_FILE = YES;
				INFOPLIST_FILE = SceneDelegateLearning/Info.plist;
				INFOPLIST_KEY_UIApplicationSupportsIndirectInputEvents = YES;
				INFOPLIST_KEY_UILaunchScreen_Generation = YES;
				INFOPLIST_KEY_UISupportedInterfaceOrientations_iPad = "UIInterfaceOrientationPortrait UIInterfaceOrientationPortraitUpsideDown UIInterfaceOrientationLandscapeLeft UIInterfaceOrientationLandscapeRight";
				INFOPLIST_KEY_UISupportedInterfaceOrientations_iPhone = "UIInterfaceOrientationPortrait UIInterfaceOrientationLandscapeLeft UIInterfaceOrientationLandscapeRight";
				LD_RUNPATH_SEARCH_PATHS = (
					"$(inherited)",
					"@executable_path/Frameworks",
				);
				MARKETING_VERSION = 1.0;
				PRODUCT_BUNDLE_IDENTIFIER = com.example.SceneDelegateLearning;
				PRODUCT_NAME = "$(TARGET_NAME)";
				SWIFT_EMIT_LOC_STRINGS = YES;
				SWIFT_VERSION = 5.0;
				TARGETED_DEVICE_FAMILY = "1,2";
			};
			name = Release;
		};
/* End XCBuildConfiguration section */

/* Begin XCConfigurationList section */
		93883BF02BFCAD1600F3310A /* Build configuration list for PBXProject "SceneDelegateLearning" */ = {
			isa = XCConfigurationList;
			buildConfigurations = (
				93883C012BFCAD1800F3310A /* Debug */,
				93883C022BFCAD1800F3310A /* Release */,
			);
			defaultConfigurationIsVisible = 0;
			defaultConfigurationName = Release;
		};
		93883C032BFCAD1800F3310A /* Build configuration list for PBXNativeTarget "SceneDelegateLearning" */ = {
			isa = XCConfigurationList;
			buildConfigurations = (
				93883C042BFCAD1800F3310A /* Debug */,
				93883C052BFCAD1800F3310A /* Release */,
			);
			defaultConfigurationIsVisible = 0;
			defaultConfigurationName = Release;
		};
/* End XCConfigurationList section */
	};
	rootObject = 93883BED2BFCAD1600F3310A /* Project object */;
}
